// !$*UTF8*$!
{
	archiveVersion = 1;
	classes = {
	};
	objectVersion = 55;
	objects = {

/* Begin PBXBuildFile section */
		72C02F5AD402FC66F3E8D507 /* Pods_MovieFinder.framework in Frameworks */ = {isa = PBXBuildFile; fileRef = 36857CD6D13E6BE602091250 /* Pods_MovieFinder.framework */; };
		75E9BFB03601C57B52A0414A /* Pods_MovieFinderUnitTests.framework in Frameworks */ = {isa = PBXBuildFile; fileRef = 48F953C371AE384D72BDB830 /* Pods_MovieFinderUnitTests.framework */; };
		EA0129FD28B1F6F400C80302 /* NetworkRequest.swift in Sources */ = {isa = PBXBuildFile; fileRef = EA0129FC28B1F6F400C80302 /* NetworkRequest.swift */; };
		EA0129FF28B1FFB200C80302 /* TokenRequest.swift in Sources */ = {isa = PBXBuildFile; fileRef = EA0129FE28B1FFB200C80302 /* TokenRequest.swift */; };
		EA012A0128B2089B00C80302 /* MovieURLHost.swift in Sources */ = {isa = PBXBuildFile; fileRef = EA012A0028B2089B00C80302 /* MovieURLHost.swift */; };
		EA012A0328B208BD00C80302 /* ApiKey.swift in Sources */ = {isa = PBXBuildFile; fileRef = EA012A0228B208BD00C80302 /* ApiKey.swift */; };
		EA012A0628B21C3100C80302 /* SignUpRequest.swift in Sources */ = {isa = PBXBuildFile; fileRef = EA012A0528B21C3100C80302 /* SignUpRequest.swift */; };
		EA012A0828B21C4E00C80302 /* SessionRequest.swift in Sources */ = {isa = PBXBuildFile; fileRef = EA012A0728B21C4E00C80302 /* SessionRequest.swift */; };
		EA012A0C28B21E8600C80302 /* DetailMovieInfoRequest.swift in Sources */ = {isa = PBXBuildFile; fileRef = EA012A0B28B21E8600C80302 /* DetailMovieInfoRequest.swift */; };
		EA012A0E28B22B8200C80302 /* DetailOmdbMovieInfoRequest.swift in Sources */ = {isa = PBXBuildFile; fileRef = EA012A0D28B22B8200C80302 /* DetailOmdbMovieInfoRequest.swift */; };
		EA012A1028B22B8D00C80302 /* ReviewsRequest.swift in Sources */ = {isa = PBXBuildFile; fileRef = EA012A0F28B22B8D00C80302 /* ReviewsRequest.swift */; };
		EA012A1328B2353C00C80302 /* RateRequest.swift in Sources */ = {isa = PBXBuildFile; fileRef = EA012A1228B2353C00C80302 /* RateRequest.swift */; };
		EA012A1528B2356A00C80302 /* RateListRequest.swift in Sources */ = {isa = PBXBuildFile; fileRef = EA012A1428B2356A00C80302 /* RateListRequest.swift */; };
		EA012A1728B2381800C80302 /* AccountIdRequest.swift in Sources */ = {isa = PBXBuildFile; fileRef = EA012A1628B2381800C80302 /* AccountIdRequest.swift */; };
		EA012A1928B2399900C80302 /* ImageRequest.swift in Sources */ = {isa = PBXBuildFile; fileRef = EA012A1828B2399900C80302 /* ImageRequest.swift */; };
		EA012A1C28B23E4D00C80302 /* GenresRequest.swift in Sources */ = {isa = PBXBuildFile; fileRef = EA012A1B28B23E4D00C80302 /* GenresRequest.swift */; };
		EA012A1F28B23E8300C80302 /* KeywordRequest.swift in Sources */ = {isa = PBXBuildFile; fileRef = EA012A1E28B23E8300C80302 /* KeywordRequest.swift */; };
		EA012A2128B23E9D00C80302 /* DeleteRatingRequest.swift in Sources */ = {isa = PBXBuildFile; fileRef = EA012A2028B23E9D00C80302 /* DeleteRatingRequest.swift */; };
		EA012A2328B2407200C80302 /* ListRequest.swift in Sources */ = {isa = PBXBuildFile; fileRef = EA012A2228B2407200C80302 /* ListRequest.swift */; };
		EA012A2A28B4622C00C80302 /* MovieListViewController.swift in Sources */ = {isa = PBXBuildFile; fileRef = EA71E29E283621BE003AAFB7 /* MovieListViewController.swift */; };
		EA53CCD22849FE9200886D7A /* GenresDTO.swift in Sources */ = {isa = PBXBuildFile; fileRef = EA53CCD12849FE9200886D7A /* GenresDTO.swift */; };
		EA53CCD4284B51D700886D7A /* MovieListItemViewModel.swift in Sources */ = {isa = PBXBuildFile; fileRef = EA53CCD3284B51D700886D7A /* MovieListItemViewModel.swift */; };
		EA53CCDC284B96C200886D7A /* MovieLists.swift in Sources */ = {isa = PBXBuildFile; fileRef = EA53CCDB284B96C200886D7A /* MovieLists.swift */; };
		EA53CCE8285456A700886D7A /* AppCoordinator.swift in Sources */ = {isa = PBXBuildFile; fileRef = EA53CCE7285456A700886D7A /* AppCoordinator.swift */; };
		EA53CCEA28545F6500886D7A /* AuthCoordinator.swift in Sources */ = {isa = PBXBuildFile; fileRef = EA53CCE928545F6500886D7A /* AuthCoordinator.swift */; };
		EA53CCEC2854674A00886D7A /* MovieListCoordinator.swift in Sources */ = {isa = PBXBuildFile; fileRef = EA53CCEB2854674A00886D7A /* MovieListCoordinator.swift */; };
		EA5609B828A545AA007035A8 /* RateRespondDTO.swift in Sources */ = {isa = PBXBuildFile; fileRef = EA5609B728A545AA007035A8 /* RateRespondDTO.swift */; };
		EA5609BA28A6B6D3007035A8 /* RatedMovieListDTO.swift in Sources */ = {isa = PBXBuildFile; fileRef = EA5609B928A6B6D3007035A8 /* RatedMovieListDTO.swift */; };
		EA5A1224283FB0D200B90038 /* DefaultMoviesRepository.swift in Sources */ = {isa = PBXBuildFile; fileRef = EA5A1223283FB0D200B90038 /* DefaultMoviesRepository.swift */; };
		EA5A1226283FB44600B90038 /* DefaultMoviesUseCase.swift in Sources */ = {isa = PBXBuildFile; fileRef = EA5A1225283FB44600B90038 /* DefaultMoviesUseCase.swift */; };
		EA5A1228283FB5CE00B90038 /* MovieListItem.swift in Sources */ = {isa = PBXBuildFile; fileRef = EA5A1227283FB5CD00B90038 /* MovieListItem.swift */; };
		EA5A1232283FE2BA00B90038 /* AuthViewController.storyboard in Resources */ = {isa = PBXBuildFile; fileRef = EA5A1231283FE2BA00B90038 /* AuthViewController.storyboard */; };
		EA5A12372844CCBC00B90038 /* MovieListCollectionViewCell.swift in Sources */ = {isa = PBXBuildFile; fileRef = EA5A12352844CCBC00B90038 /* MovieListCollectionViewCell.swift */; };
		EA5A12382844CCBC00B90038 /* MovieListCollectionViewCell.xib in Resources */ = {isa = PBXBuildFile; fileRef = EA5A12362844CCBC00B90038 /* MovieListCollectionViewCell.xib */; };
		EA6D37E0285B5C4200BF3084 /* Section.swift in Sources */ = {isa = PBXBuildFile; fileRef = EA6D37DF285B5C4200BF3084 /* Section.swift */; };
		EA6D37E2285C30DE00BF3084 /* MovieListHeaderView.swift in Sources */ = {isa = PBXBuildFile; fileRef = EA6D37E1285C30DE00BF3084 /* MovieListHeaderView.swift */; };
		EA6D37E4285C84B000BF3084 /* MyAccountCoordinator.swift in Sources */ = {isa = PBXBuildFile; fileRef = EA6D37E3285C84B000BF3084 /* MyAccountCoordinator.swift */; };
		EA6D37E6285C84DA00BF3084 /* SearchCoordinator.swift in Sources */ = {isa = PBXBuildFile; fileRef = EA6D37E5285C84DA00BF3084 /* SearchCoordinator.swift */; };
		EA6D37E8285CB1C500BF3084 /* FakeDefaultMoviesUseCase.swift in Sources */ = {isa = PBXBuildFile; fileRef = EA6D37E7285CB1C500BF3084 /* FakeDefaultMoviesUseCase.swift */; };
		EA6D37EE285CC13400BF3084 /* MovieListViewModelTests.swift in Sources */ = {isa = PBXBuildFile; fileRef = EA6D37ED285CC13400BF3084 /* MovieListViewModelTests.swift */; };
		EA6D37F0285CC21F00BF3084 /* Expectation+extension.swift in Sources */ = {isa = PBXBuildFile; fileRef = EA6D37EF285CC21F00BF3084 /* Expectation+extension.swift */; };
		EA6D37F2285E239700BF3084 /* AuthRepository.swift in Sources */ = {isa = PBXBuildFile; fileRef = EA6D37F1285E239700BF3084 /* AuthRepository.swift */; };
		EA6D37F6285E297C00BF3084 /* AuthViewModelTests.swift in Sources */ = {isa = PBXBuildFile; fileRef = EA6D37F5285E297C00BF3084 /* AuthViewModelTests.swift */; };
		EA6D37F8285E2AC900BF3084 /* FakeAuthRepository.swift in Sources */ = {isa = PBXBuildFile; fileRef = EA6D37F7285E2AC800BF3084 /* FakeAuthRepository.swift */; };
		EA6D37FB285F316800BF3084 /* MoviesRepository.swift in Sources */ = {isa = PBXBuildFile; fileRef = EA6D37FA285F316800BF3084 /* MoviesRepository.swift */; };
		EA6D37FD285F319A00BF3084 /* MovieAuthRepository.swift in Sources */ = {isa = PBXBuildFile; fileRef = EA6D37FC285F319A00BF3084 /* MovieAuthRepository.swift */; };
		EA6D3803286094E300BF3084 /* MovieDetailBasicInfo.swift in Sources */ = {isa = PBXBuildFile; fileRef = EA6D3802286094E200BF3084 /* MovieDetailBasicInfo.swift */; };
		EA6D3805286094F300BF3084 /* MovieDetailReview.swift in Sources */ = {isa = PBXBuildFile; fileRef = EA6D3804286094F300BF3084 /* MovieDetailReview.swift */; };
		EA6D3807286094FD00BF3084 /* MovieDetailTrailer.swift in Sources */ = {isa = PBXBuildFile; fileRef = EA6D3806286094FD00BF3084 /* MovieDetailTrailer.swift */; };
		EA6D380F2861820800BF3084 /* MovieDetailHeaderView.swift in Sources */ = {isa = PBXBuildFile; fileRef = EA6D380E2861820800BF3084 /* MovieDetailHeaderView.swift */; };
		EA71E25E282D7268003AAFB7 /* AppDelegate.swift in Sources */ = {isa = PBXBuildFile; fileRef = EA71E25D282D7268003AAFB7 /* AppDelegate.swift */; };
		EA71E260282D7268003AAFB7 /* SceneDelegate.swift in Sources */ = {isa = PBXBuildFile; fileRef = EA71E25F282D7268003AAFB7 /* SceneDelegate.swift */; };
		EA71E262282D7268003AAFB7 /* AuthViewController.swift in Sources */ = {isa = PBXBuildFile; fileRef = EA71E261282D7268003AAFB7 /* AuthViewController.swift */; };
		EA71E267282D7269003AAFB7 /* Assets.xcassets in Resources */ = {isa = PBXBuildFile; fileRef = EA71E266282D7269003AAFB7 /* Assets.xcassets */; };
		EA71E26A282D7269003AAFB7 /* LaunchScreen.storyboard in Resources */ = {isa = PBXBuildFile; fileRef = EA71E268282D7269003AAFB7 /* LaunchScreen.storyboard */; };
		EA71E274282FBC52003AAFB7 /* HttpMethod.swift in Sources */ = {isa = PBXBuildFile; fileRef = EA71E273282FBC52003AAFB7 /* HttpMethod.swift */; };
		EA71E278282FE061003AAFB7 /* URLSessionError.swift in Sources */ = {isa = PBXBuildFile; fileRef = EA71E277282FE061003AAFB7 /* URLSessionError.swift */; };
		EA71E27C282FE2EE003AAFB7 /* JSONParser.swift in Sources */ = {isa = PBXBuildFile; fileRef = EA71E27B282FE2EE003AAFB7 /* JSONParser.swift */; };
		EA71E27E282FE367003AAFB7 /* JSONError.swift in Sources */ = {isa = PBXBuildFile; fileRef = EA71E27D282FE367003AAFB7 /* JSONError.swift */; };
		EA71E28228309B18003AAFB7 /* TMDBMovieDetailDTO.swift in Sources */ = {isa = PBXBuildFile; fileRef = EA71E28128309B18003AAFB7 /* TMDBMovieDetailDTO.swift */; };
		EA71E28428309CCE003AAFB7 /* URLSessionProtocol.swift in Sources */ = {isa = PBXBuildFile; fileRef = EA71E28328309CCE003AAFB7 /* URLSessionProtocol.swift */; };
		EA71E28628323652003AAFB7 /* ReviewListDTO.swift in Sources */ = {isa = PBXBuildFile; fileRef = EA71E28528323652003AAFB7 /* ReviewListDTO.swift */; };
		EA71E28828324B2B003AAFB7 /* URLSessionManager.swift in Sources */ = {isa = PBXBuildFile; fileRef = EA71E28728324B2B003AAFB7 /* URLSessionManager.swift */; };
		EA71E28A28325F67003AAFB7 /* MovieListDTO.swift in Sources */ = {isa = PBXBuildFile; fileRef = EA71E28928325F67003AAFB7 /* MovieListDTO.swift */; };
		EA71E28C2832633A003AAFB7 /* MovieListItemDTO.swift in Sources */ = {isa = PBXBuildFile; fileRef = EA71E28B2832633A003AAFB7 /* MovieListItemDTO.swift */; };
		EA71E28E283341F2003AAFB7 /* OMDBMovieDetailDTO.swift in Sources */ = {isa = PBXBuildFile; fileRef = EA71E28D283341F2003AAFB7 /* OMDBMovieDetailDTO.swift */; };
		EA71E2922833FD1A003AAFB7 /* VideoListDTO.swift in Sources */ = {isa = PBXBuildFile; fileRef = EA71E2912833FD1A003AAFB7 /* VideoListDTO.swift */; };
		EA71E2942834CF3F003AAFB7 /* Token.swift in Sources */ = {isa = PBXBuildFile; fileRef = EA71E2932834CF3F003AAFB7 /* Token.swift */; };
		EA71E2962834E7B1003AAFB7 /* Session.swift in Sources */ = {isa = PBXBuildFile; fileRef = EA71E2952834E7B1003AAFB7 /* Session.swift */; };
		EA71E2982834E8D2003AAFB7 /* RequestToken.swift in Sources */ = {isa = PBXBuildFile; fileRef = EA71E2972834E8D2003AAFB7 /* RequestToken.swift */; };
		EA71E29B283501E2003AAFB7 /* AuthViewModel.swift in Sources */ = {isa = PBXBuildFile; fileRef = EA71E29A283501E2003AAFB7 /* AuthViewModel.swift */; };
		EA71E29D28354192003AAFB7 /* KeychainManager.swift in Sources */ = {isa = PBXBuildFile; fileRef = EA71E29C28354192003AAFB7 /* KeychainManager.swift */; };
		EA71E29F283621BE003AAFB7 /* MovieListViewController.swift in Sources */ = {isa = PBXBuildFile; fileRef = EA71E29E283621BE003AAFB7 /* MovieListViewController.swift */; };
		EA71E2A1283645CE003AAFB7 /* MovieListViewModel.swift in Sources */ = {isa = PBXBuildFile; fileRef = EA71E2A0283645CE003AAFB7 /* MovieListViewModel.swift */; };
		EA71E2A32836465C003AAFB7 /* MovieDetailViewModel.swift in Sources */ = {isa = PBXBuildFile; fileRef = EA71E2A22836465C003AAFB7 /* MovieDetailViewModel.swift */; };
		EA71E2A5283646A0003AAFB7 /* MovieDetailViewController.swift in Sources */ = {isa = PBXBuildFile; fileRef = EA71E2A4283646A0003AAFB7 /* MovieDetailViewController.swift */; };
		EA71E2AB28364AEE003AAFB7 /* MyAccountViewController.swift in Sources */ = {isa = PBXBuildFile; fileRef = EA71E2AA28364AEE003AAFB7 /* MyAccountViewController.swift */; };
		EA71E2AD28364B02003AAFB7 /* MyAccountViewModel.swift in Sources */ = {isa = PBXBuildFile; fileRef = EA71E2AC28364B02003AAFB7 /* MyAccountViewModel.swift */; };
		EA71E2B328365498003AAFB7 /* AccountDetailDTO.swift in Sources */ = {isa = PBXBuildFile; fileRef = EA71E2B228365498003AAFB7 /* AccountDetailDTO.swift */; };
		EA71E2B62836899C003AAFB7 /* RateDTO.swift in Sources */ = {isa = PBXBuildFile; fileRef = EA71E2B52836899C003AAFB7 /* RateDTO.swift */; };
		EA71E30428388D9B003AAFB7 /* URLManager.swift in Sources */ = {isa = PBXBuildFile; fileRef = EA71E30328388D9B003AAFB7 /* URLManager.swift */; };
		EA71E3132838F265003AAFB7 /* NetworkChecker.swift in Sources */ = {isa = PBXBuildFile; fileRef = EA71E3122838F265003AAFB7 /* NetworkChecker.swift */; };
		EA71E32A283E3BCD003AAFB7 /* URLSessionDataTaskStub.swift in Sources */ = {isa = PBXBuildFile; fileRef = EA71E327283CA65D003AAFB7 /* URLSessionDataTaskStub.swift */; };
		EA71E32B283E3BD0003AAFB7 /* URLSessionStub.swift in Sources */ = {isa = PBXBuildFile; fileRef = EA71E319283A08A9003AAFB7 /* URLSessionStub.swift */; };
		EA71E337283E8F0B003AAFB7 /* ImageCacheManager.swift in Sources */ = {isa = PBXBuildFile; fileRef = EA71E336283E8F0B003AAFB7 /* ImageCacheManager.swift */; };
		EA71E33A283F31F8003AAFB7 /* DownloadableUIImageView.swift in Sources */ = {isa = PBXBuildFile; fileRef = EA71E339283F31F8003AAFB7 /* DownloadableUIImageView.swift */; };
		EA9144322862D8210077B680 /* SectionBackgroundDecorationView.swift in Sources */ = {isa = PBXBuildFile; fileRef = EA9144312862D8210077B680 /* SectionBackgroundDecorationView.swift */; };
		EA9144342862E5200077B680 /* UICollectionView+extension.swift in Sources */ = {isa = PBXBuildFile; fileRef = EA9144332862E5200077B680 /* UICollectionView+extension.swift */; };
		EA91443B2865ACE10077B680 /* PlotSummaryCollectionViewCell.swift in Sources */ = {isa = PBXBuildFile; fileRef = EA9144392865ACE10077B680 /* PlotSummaryCollectionViewCell.swift */; };
		EA91443C2865ACE10077B680 /* PlotSummaryCollectionViewCell.xib in Resources */ = {isa = PBXBuildFile; fileRef = EA91443A2865ACE10077B680 /* PlotSummaryCollectionViewCell.xib */; };
		EA91443E286A95520077B680 /* UIImage+extension.swift in Sources */ = {isa = PBXBuildFile; fileRef = EA91443D286A95520077B680 /* UIImage+extension.swift */; };
		EA92E32628B126FC00095689 /* MovieDetailReviewsCollectionViewCell.swift in Sources */ = {isa = PBXBuildFile; fileRef = EA92E32428B126FC00095689 /* MovieDetailReviewsCollectionViewCell.swift */; };
		EA92E32728B126FC00095689 /* MovieDetailReviewsCollectionViewCell.xib in Resources */ = {isa = PBXBuildFile; fileRef = EA92E32528B126FC00095689 /* MovieDetailReviewsCollectionViewCell.xib */; };
		EA92E32E28B1272400095689 /* SearchViewModel.swift in Sources */ = {isa = PBXBuildFile; fileRef = EA92E32928B1272400095689 /* SearchViewModel.swift */; };
		EA92E32F28B1272400095689 /* RecentSearchCollectionViewCell.swift in Sources */ = {isa = PBXBuildFile; fileRef = EA92E32B28B1272400095689 /* RecentSearchCollectionViewCell.swift */; };
		EA92E33028B1272400095689 /* SearchViewController.swift in Sources */ = {isa = PBXBuildFile; fileRef = EA92E32C28B1272400095689 /* SearchViewController.swift */; };
		EA92E33128B1272400095689 /* SearchTableViewController.swift in Sources */ = {isa = PBXBuildFile; fileRef = EA92E32D28B1272400095689 /* SearchTableViewController.swift */; };
		EA92E33328B1287600095689 /* AuthUseCase.swift in Sources */ = {isa = PBXBuildFile; fileRef = EA92E33228B1287600095689 /* AuthUseCase.swift */; };
		EA92E33528B1288800095689 /* AccountRepository.swift in Sources */ = {isa = PBXBuildFile; fileRef = EA92E33428B1288800095689 /* AccountRepository.swift */; };
		EA92E33728B128A800095689 /* MovieAccountRepository.swift in Sources */ = {isa = PBXBuildFile; fileRef = EA92E33628B128A800095689 /* MovieAccountRepository.swift */; };
		EAA992F02858CC1400B668C1 /* ViewModelType.swift in Sources */ = {isa = PBXBuildFile; fileRef = EAA992EF2858CC1400B668C1 /* ViewModelType.swift */; };
		EAA992F52859BD2700B668C1 /* RxCocoa+extension.swift in Sources */ = {isa = PBXBuildFile; fileRef = EAA992F42859BD2700B668C1 /* RxCocoa+extension.swift */; };
/* End PBXBuildFile section */

/* Begin PBXContainerItemProxy section */
		EA71E2FB2837D8F2003AAFB7 /* PBXContainerItemProxy */ = {
			isa = PBXContainerItemProxy;
			containerPortal = EA71E252282D7268003AAFB7 /* Project object */;
			proxyType = 1;
			remoteGlobalIDString = EA71E259282D7268003AAFB7;
			remoteInfo = MovieFinder;
		};
		EA71E30D2838A423003AAFB7 /* PBXContainerItemProxy */ = {
			isa = PBXContainerItemProxy;
			containerPortal = EA71E252282D7268003AAFB7 /* Project object */;
			proxyType = 1;
			remoteGlobalIDString = EA71E259282D7268003AAFB7;
			remoteInfo = MovieFinder;
		};
/* End PBXContainerItemProxy section */

/* Begin PBXFileReference section */
		36857CD6D13E6BE602091250 /* Pods_MovieFinder.framework */ = {isa = PBXFileReference; explicitFileType = wrapper.framework; includeInIndex = 0; path = Pods_MovieFinder.framework; sourceTree = BUILT_PRODUCTS_DIR; };
		48F953C371AE384D72BDB830 /* Pods_MovieFinderUnitTests.framework */ = {isa = PBXFileReference; explicitFileType = wrapper.framework; includeInIndex = 0; path = Pods_MovieFinderUnitTests.framework; sourceTree = BUILT_PRODUCTS_DIR; };
		6971199F49E0B21535FDDFF4 /* Pods-MovieFinderUnitTests.release.xcconfig */ = {isa = PBXFileReference; includeInIndex = 1; lastKnownFileType = text.xcconfig; name = "Pods-MovieFinderUnitTests.release.xcconfig"; path = "Target Support Files/Pods-MovieFinderUnitTests/Pods-MovieFinderUnitTests.release.xcconfig"; sourceTree = "<group>"; };
		825B2D5760DFDA21953AD3B6 /* Pods-MovieFinder.release.xcconfig */ = {isa = PBXFileReference; includeInIndex = 1; lastKnownFileType = text.xcconfig; name = "Pods-MovieFinder.release.xcconfig"; path = "Target Support Files/Pods-MovieFinder/Pods-MovieFinder.release.xcconfig"; sourceTree = "<group>"; };
		A1837A1850C1B3F97BE62BC9 /* Pods-MovieFinder.debug.xcconfig */ = {isa = PBXFileReference; includeInIndex = 1; lastKnownFileType = text.xcconfig; name = "Pods-MovieFinder.debug.xcconfig"; path = "Target Support Files/Pods-MovieFinder/Pods-MovieFinder.debug.xcconfig"; sourceTree = "<group>"; };
		EA0129FC28B1F6F400C80302 /* NetworkRequest.swift */ = {isa = PBXFileReference; lastKnownFileType = sourcecode.swift; path = NetworkRequest.swift; sourceTree = "<group>"; };
		EA0129FE28B1FFB200C80302 /* TokenRequest.swift */ = {isa = PBXFileReference; lastKnownFileType = sourcecode.swift; path = TokenRequest.swift; sourceTree = "<group>"; };
		EA012A0028B2089B00C80302 /* MovieURLHost.swift */ = {isa = PBXFileReference; lastKnownFileType = sourcecode.swift; path = MovieURLHost.swift; sourceTree = "<group>"; };
		EA012A0228B208BD00C80302 /* ApiKey.swift */ = {isa = PBXFileReference; lastKnownFileType = sourcecode.swift; path = ApiKey.swift; sourceTree = "<group>"; };
		EA012A0528B21C3100C80302 /* SignUpRequest.swift */ = {isa = PBXFileReference; lastKnownFileType = sourcecode.swift; path = SignUpRequest.swift; sourceTree = "<group>"; };
		EA012A0728B21C4E00C80302 /* SessionRequest.swift */ = {isa = PBXFileReference; lastKnownFileType = sourcecode.swift; path = SessionRequest.swift; sourceTree = "<group>"; };
		EA012A0B28B21E8600C80302 /* DetailMovieInfoRequest.swift */ = {isa = PBXFileReference; lastKnownFileType = sourcecode.swift; path = DetailMovieInfoRequest.swift; sourceTree = "<group>"; };
		EA012A0D28B22B8200C80302 /* DetailOmdbMovieInfoRequest.swift */ = {isa = PBXFileReference; lastKnownFileType = sourcecode.swift; path = DetailOmdbMovieInfoRequest.swift; sourceTree = "<group>"; };
		EA012A0F28B22B8D00C80302 /* ReviewsRequest.swift */ = {isa = PBXFileReference; lastKnownFileType = sourcecode.swift; path = ReviewsRequest.swift; sourceTree = "<group>"; };
		EA012A1228B2353C00C80302 /* RateRequest.swift */ = {isa = PBXFileReference; lastKnownFileType = sourcecode.swift; path = RateRequest.swift; sourceTree = "<group>"; };
		EA012A1428B2356A00C80302 /* RateListRequest.swift */ = {isa = PBXFileReference; lastKnownFileType = sourcecode.swift; path = RateListRequest.swift; sourceTree = "<group>"; };
		EA012A1628B2381800C80302 /* AccountIdRequest.swift */ = {isa = PBXFileReference; lastKnownFileType = sourcecode.swift; path = AccountIdRequest.swift; sourceTree = "<group>"; };
		EA012A1828B2399900C80302 /* ImageRequest.swift */ = {isa = PBXFileReference; lastKnownFileType = sourcecode.swift; path = ImageRequest.swift; sourceTree = "<group>"; };
		EA012A1B28B23E4D00C80302 /* GenresRequest.swift */ = {isa = PBXFileReference; lastKnownFileType = sourcecode.swift; path = GenresRequest.swift; sourceTree = "<group>"; };
		EA012A1E28B23E8300C80302 /* KeywordRequest.swift */ = {isa = PBXFileReference; lastKnownFileType = sourcecode.swift; path = KeywordRequest.swift; sourceTree = "<group>"; };
		EA012A2028B23E9D00C80302 /* DeleteRatingRequest.swift */ = {isa = PBXFileReference; lastKnownFileType = sourcecode.swift; path = DeleteRatingRequest.swift; sourceTree = "<group>"; };
		EA012A2228B2407200C80302 /* ListRequest.swift */ = {isa = PBXFileReference; lastKnownFileType = sourcecode.swift; path = ListRequest.swift; sourceTree = "<group>"; };
		EA53CCD12849FE9200886D7A /* GenresDTO.swift */ = {isa = PBXFileReference; lastKnownFileType = sourcecode.swift; path = GenresDTO.swift; sourceTree = "<group>"; };
		EA53CCD3284B51D700886D7A /* MovieListItemViewModel.swift */ = {isa = PBXFileReference; lastKnownFileType = sourcecode.swift; path = MovieListItemViewModel.swift; sourceTree = "<group>"; };
		EA53CCDB284B96C200886D7A /* MovieLists.swift */ = {isa = PBXFileReference; lastKnownFileType = sourcecode.swift; path = MovieLists.swift; sourceTree = "<group>"; };
		EA53CCE7285456A700886D7A /* AppCoordinator.swift */ = {isa = PBXFileReference; lastKnownFileType = sourcecode.swift; path = AppCoordinator.swift; sourceTree = "<group>"; };
		EA53CCE928545F6500886D7A /* AuthCoordinator.swift */ = {isa = PBXFileReference; lastKnownFileType = sourcecode.swift; path = AuthCoordinator.swift; sourceTree = "<group>"; };
		EA53CCEB2854674A00886D7A /* MovieListCoordinator.swift */ = {isa = PBXFileReference; lastKnownFileType = sourcecode.swift; path = MovieListCoordinator.swift; sourceTree = "<group>"; };
		EA5609B728A545AA007035A8 /* RateRespondDTO.swift */ = {isa = PBXFileReference; lastKnownFileType = sourcecode.swift; path = RateRespondDTO.swift; sourceTree = "<group>"; };
		EA5609B928A6B6D3007035A8 /* RatedMovieListDTO.swift */ = {isa = PBXFileReference; lastKnownFileType = sourcecode.swift; path = RatedMovieListDTO.swift; sourceTree = "<group>"; };
		EA5A1223283FB0D200B90038 /* DefaultMoviesRepository.swift */ = {isa = PBXFileReference; lastKnownFileType = sourcecode.swift; path = DefaultMoviesRepository.swift; sourceTree = "<group>"; };
		EA5A1225283FB44600B90038 /* DefaultMoviesUseCase.swift */ = {isa = PBXFileReference; lastKnownFileType = sourcecode.swift; path = DefaultMoviesUseCase.swift; sourceTree = "<group>"; };
		EA5A1227283FB5CD00B90038 /* MovieListItem.swift */ = {isa = PBXFileReference; lastKnownFileType = sourcecode.swift; path = MovieListItem.swift; sourceTree = "<group>"; };
		EA5A1231283FE2BA00B90038 /* AuthViewController.storyboard */ = {isa = PBXFileReference; lastKnownFileType = file.storyboard; path = AuthViewController.storyboard; sourceTree = "<group>"; };
		EA5A12352844CCBC00B90038 /* MovieListCollectionViewCell.swift */ = {isa = PBXFileReference; lastKnownFileType = sourcecode.swift; path = MovieListCollectionViewCell.swift; sourceTree = "<group>"; };
		EA5A12362844CCBC00B90038 /* MovieListCollectionViewCell.xib */ = {isa = PBXFileReference; lastKnownFileType = file.xib; path = MovieListCollectionViewCell.xib; sourceTree = "<group>"; };
		EA6D37DF285B5C4200BF3084 /* Section.swift */ = {isa = PBXFileReference; lastKnownFileType = sourcecode.swift; path = Section.swift; sourceTree = "<group>"; };
		EA6D37E1285C30DE00BF3084 /* MovieListHeaderView.swift */ = {isa = PBXFileReference; lastKnownFileType = sourcecode.swift; path = MovieListHeaderView.swift; sourceTree = "<group>"; };
		EA6D37E3285C84B000BF3084 /* MyAccountCoordinator.swift */ = {isa = PBXFileReference; lastKnownFileType = sourcecode.swift; path = MyAccountCoordinator.swift; sourceTree = "<group>"; };
		EA6D37E5285C84DA00BF3084 /* SearchCoordinator.swift */ = {isa = PBXFileReference; lastKnownFileType = sourcecode.swift; path = SearchCoordinator.swift; sourceTree = "<group>"; };
		EA6D37E7285CB1C500BF3084 /* FakeDefaultMoviesUseCase.swift */ = {isa = PBXFileReference; lastKnownFileType = sourcecode.swift; path = FakeDefaultMoviesUseCase.swift; sourceTree = "<group>"; };
		EA6D37ED285CC13400BF3084 /* MovieListViewModelTests.swift */ = {isa = PBXFileReference; lastKnownFileType = sourcecode.swift; path = MovieListViewModelTests.swift; sourceTree = "<group>"; };
		EA6D37EF285CC21F00BF3084 /* Expectation+extension.swift */ = {isa = PBXFileReference; lastKnownFileType = sourcecode.swift; path = "Expectation+extension.swift"; sourceTree = "<group>"; };
		EA6D37F1285E239700BF3084 /* AuthRepository.swift */ = {isa = PBXFileReference; lastKnownFileType = sourcecode.swift; path = AuthRepository.swift; sourceTree = "<group>"; };
		EA6D37F5285E297C00BF3084 /* AuthViewModelTests.swift */ = {isa = PBXFileReference; lastKnownFileType = sourcecode.swift; path = AuthViewModelTests.swift; sourceTree = "<group>"; };
		EA6D37F7285E2AC800BF3084 /* FakeAuthRepository.swift */ = {isa = PBXFileReference; lastKnownFileType = sourcecode.swift; path = FakeAuthRepository.swift; sourceTree = "<group>"; };
		EA6D37FA285F316800BF3084 /* MoviesRepository.swift */ = {isa = PBXFileReference; lastKnownFileType = sourcecode.swift; path = MoviesRepository.swift; sourceTree = "<group>"; };
		EA6D37FC285F319A00BF3084 /* MovieAuthRepository.swift */ = {isa = PBXFileReference; lastKnownFileType = sourcecode.swift; path = MovieAuthRepository.swift; sourceTree = "<group>"; };
		EA6D3802286094E200BF3084 /* MovieDetailBasicInfo.swift */ = {isa = PBXFileReference; lastKnownFileType = sourcecode.swift; path = MovieDetailBasicInfo.swift; sourceTree = "<group>"; };
		EA6D3804286094F300BF3084 /* MovieDetailReview.swift */ = {isa = PBXFileReference; lastKnownFileType = sourcecode.swift; path = MovieDetailReview.swift; sourceTree = "<group>"; };
		EA6D3806286094FD00BF3084 /* MovieDetailTrailer.swift */ = {isa = PBXFileReference; lastKnownFileType = sourcecode.swift; path = MovieDetailTrailer.swift; sourceTree = "<group>"; };
		EA6D380E2861820800BF3084 /* MovieDetailHeaderView.swift */ = {isa = PBXFileReference; lastKnownFileType = sourcecode.swift; path = MovieDetailHeaderView.swift; sourceTree = "<group>"; };
		EA71E25A282D7268003AAFB7 /* MovieFinder.app */ = {isa = PBXFileReference; explicitFileType = wrapper.application; includeInIndex = 0; path = MovieFinder.app; sourceTree = BUILT_PRODUCTS_DIR; };
		EA71E25D282D7268003AAFB7 /* AppDelegate.swift */ = {isa = PBXFileReference; lastKnownFileType = sourcecode.swift; path = AppDelegate.swift; sourceTree = "<group>"; };
		EA71E25F282D7268003AAFB7 /* SceneDelegate.swift */ = {isa = PBXFileReference; lastKnownFileType = sourcecode.swift; path = SceneDelegate.swift; sourceTree = "<group>"; };
		EA71E261282D7268003AAFB7 /* AuthViewController.swift */ = {isa = PBXFileReference; lastKnownFileType = sourcecode.swift; path = AuthViewController.swift; sourceTree = "<group>"; };
		EA71E266282D7269003AAFB7 /* Assets.xcassets */ = {isa = PBXFileReference; lastKnownFileType = folder.assetcatalog; path = Assets.xcassets; sourceTree = "<group>"; };
		EA71E269282D7269003AAFB7 /* Base */ = {isa = PBXFileReference; lastKnownFileType = file.storyboard; name = Base; path = Base.lproj/LaunchScreen.storyboard; sourceTree = "<group>"; };
		EA71E26B282D7269003AAFB7 /* Info.plist */ = {isa = PBXFileReference; lastKnownFileType = text.plist.xml; path = Info.plist; sourceTree = "<group>"; };
		EA71E273282FBC52003AAFB7 /* HttpMethod.swift */ = {isa = PBXFileReference; lastKnownFileType = sourcecode.swift; path = HttpMethod.swift; sourceTree = "<group>"; };
		EA71E277282FE061003AAFB7 /* URLSessionError.swift */ = {isa = PBXFileReference; lastKnownFileType = sourcecode.swift; path = URLSessionError.swift; sourceTree = "<group>"; };
		EA71E27B282FE2EE003AAFB7 /* JSONParser.swift */ = {isa = PBXFileReference; lastKnownFileType = sourcecode.swift; path = JSONParser.swift; sourceTree = "<group>"; };
		EA71E27D282FE367003AAFB7 /* JSONError.swift */ = {isa = PBXFileReference; lastKnownFileType = sourcecode.swift; path = JSONError.swift; sourceTree = "<group>"; };
		EA71E28128309B18003AAFB7 /* TMDBMovieDetailDTO.swift */ = {isa = PBXFileReference; lastKnownFileType = sourcecode.swift; path = TMDBMovieDetailDTO.swift; sourceTree = "<group>"; };
		EA71E28328309CCE003AAFB7 /* URLSessionProtocol.swift */ = {isa = PBXFileReference; lastKnownFileType = sourcecode.swift; path = URLSessionProtocol.swift; sourceTree = "<group>"; };
		EA71E28528323652003AAFB7 /* ReviewListDTO.swift */ = {isa = PBXFileReference; lastKnownFileType = sourcecode.swift; path = ReviewListDTO.swift; sourceTree = "<group>"; };
		EA71E28728324B2B003AAFB7 /* URLSessionManager.swift */ = {isa = PBXFileReference; lastKnownFileType = sourcecode.swift; path = URLSessionManager.swift; sourceTree = "<group>"; };
		EA71E28928325F67003AAFB7 /* MovieListDTO.swift */ = {isa = PBXFileReference; lastKnownFileType = sourcecode.swift; path = MovieListDTO.swift; sourceTree = "<group>"; };
		EA71E28B2832633A003AAFB7 /* MovieListItemDTO.swift */ = {isa = PBXFileReference; lastKnownFileType = sourcecode.swift; path = MovieListItemDTO.swift; sourceTree = "<group>"; };
		EA71E28D283341F2003AAFB7 /* OMDBMovieDetailDTO.swift */ = {isa = PBXFileReference; lastKnownFileType = sourcecode.swift; path = OMDBMovieDetailDTO.swift; sourceTree = "<group>"; };
		EA71E2912833FD1A003AAFB7 /* VideoListDTO.swift */ = {isa = PBXFileReference; lastKnownFileType = sourcecode.swift; path = VideoListDTO.swift; sourceTree = "<group>"; };
		EA71E2932834CF3F003AAFB7 /* Token.swift */ = {isa = PBXFileReference; lastKnownFileType = sourcecode.swift; path = Token.swift; sourceTree = "<group>"; };
		EA71E2952834E7B1003AAFB7 /* Session.swift */ = {isa = PBXFileReference; lastKnownFileType = sourcecode.swift; path = Session.swift; sourceTree = "<group>"; };
		EA71E2972834E8D2003AAFB7 /* RequestToken.swift */ = {isa = PBXFileReference; lastKnownFileType = sourcecode.swift; path = RequestToken.swift; sourceTree = "<group>"; };
		EA71E29A283501E2003AAFB7 /* AuthViewModel.swift */ = {isa = PBXFileReference; lastKnownFileType = sourcecode.swift; path = AuthViewModel.swift; sourceTree = "<group>"; };
		EA71E29C28354192003AAFB7 /* KeychainManager.swift */ = {isa = PBXFileReference; lastKnownFileType = sourcecode.swift; path = KeychainManager.swift; sourceTree = "<group>"; };
		EA71E29E283621BE003AAFB7 /* MovieListViewController.swift */ = {isa = PBXFileReference; lastKnownFileType = sourcecode.swift; path = MovieListViewController.swift; sourceTree = "<group>"; };
		EA71E2A0283645CE003AAFB7 /* MovieListViewModel.swift */ = {isa = PBXFileReference; lastKnownFileType = sourcecode.swift; path = MovieListViewModel.swift; sourceTree = "<group>"; };
		EA71E2A22836465C003AAFB7 /* MovieDetailViewModel.swift */ = {isa = PBXFileReference; lastKnownFileType = sourcecode.swift; path = MovieDetailViewModel.swift; sourceTree = "<group>"; };
		EA71E2A4283646A0003AAFB7 /* MovieDetailViewController.swift */ = {isa = PBXFileReference; lastKnownFileType = sourcecode.swift; path = MovieDetailViewController.swift; sourceTree = "<group>"; };
		EA71E2AA28364AEE003AAFB7 /* MyAccountViewController.swift */ = {isa = PBXFileReference; lastKnownFileType = sourcecode.swift; path = MyAccountViewController.swift; sourceTree = "<group>"; };
		EA71E2AC28364B02003AAFB7 /* MyAccountViewModel.swift */ = {isa = PBXFileReference; lastKnownFileType = sourcecode.swift; path = MyAccountViewModel.swift; sourceTree = "<group>"; };
		EA71E2B228365498003AAFB7 /* AccountDetailDTO.swift */ = {isa = PBXFileReference; lastKnownFileType = sourcecode.swift; path = AccountDetailDTO.swift; sourceTree = "<group>"; };
		EA71E2B52836899C003AAFB7 /* RateDTO.swift */ = {isa = PBXFileReference; lastKnownFileType = sourcecode.swift; path = RateDTO.swift; sourceTree = "<group>"; };
		EA71E2F72837D8F2003AAFB7 /* MovieFinderTests.xctest */ = {isa = PBXFileReference; explicitFileType = wrapper.cfbundle; includeInIndex = 0; path = MovieFinderTests.xctest; sourceTree = BUILT_PRODUCTS_DIR; };
		EA71E30328388D9B003AAFB7 /* URLManager.swift */ = {isa = PBXFileReference; lastKnownFileType = sourcecode.swift; path = URLManager.swift; sourceTree = "<group>"; };
		EA71E3092838A423003AAFB7 /* MovieFinderUnitTests.xctest */ = {isa = PBXFileReference; explicitFileType = wrapper.cfbundle; includeInIndex = 0; path = MovieFinderUnitTests.xctest; sourceTree = BUILT_PRODUCTS_DIR; };
		EA71E3122838F265003AAFB7 /* NetworkChecker.swift */ = {isa = PBXFileReference; lastKnownFileType = sourcecode.swift; path = NetworkChecker.swift; sourceTree = "<group>"; };
		EA71E319283A08A9003AAFB7 /* URLSessionStub.swift */ = {isa = PBXFileReference; lastKnownFileType = sourcecode.swift; path = URLSessionStub.swift; sourceTree = "<group>"; };
		EA71E327283CA65D003AAFB7 /* URLSessionDataTaskStub.swift */ = {isa = PBXFileReference; lastKnownFileType = sourcecode.swift; path = URLSessionDataTaskStub.swift; sourceTree = "<group>"; };
		EA71E336283E8F0B003AAFB7 /* ImageCacheManager.swift */ = {isa = PBXFileReference; lastKnownFileType = sourcecode.swift; path = ImageCacheManager.swift; sourceTree = "<group>"; };
		EA71E339283F31F8003AAFB7 /* DownloadableUIImageView.swift */ = {isa = PBXFileReference; lastKnownFileType = sourcecode.swift; path = DownloadableUIImageView.swift; sourceTree = "<group>"; };
		EA9144312862D8210077B680 /* SectionBackgroundDecorationView.swift */ = {isa = PBXFileReference; lastKnownFileType = sourcecode.swift; path = SectionBackgroundDecorationView.swift; sourceTree = "<group>"; };
		EA9144332862E5200077B680 /* UICollectionView+extension.swift */ = {isa = PBXFileReference; lastKnownFileType = sourcecode.swift; path = "UICollectionView+extension.swift"; sourceTree = "<group>"; };
		EA9144392865ACE10077B680 /* PlotSummaryCollectionViewCell.swift */ = {isa = PBXFileReference; lastKnownFileType = sourcecode.swift; path = PlotSummaryCollectionViewCell.swift; sourceTree = "<group>"; };
		EA91443A2865ACE10077B680 /* PlotSummaryCollectionViewCell.xib */ = {isa = PBXFileReference; lastKnownFileType = file.xib; path = PlotSummaryCollectionViewCell.xib; sourceTree = "<group>"; };
		EA91443D286A95520077B680 /* UIImage+extension.swift */ = {isa = PBXFileReference; lastKnownFileType = sourcecode.swift; path = "UIImage+extension.swift"; sourceTree = "<group>"; };
		EA92E32428B126FC00095689 /* MovieDetailReviewsCollectionViewCell.swift */ = {isa = PBXFileReference; fileEncoding = 4; lastKnownFileType = sourcecode.swift; path = MovieDetailReviewsCollectionViewCell.swift; sourceTree = "<group>"; };
		EA92E32528B126FC00095689 /* MovieDetailReviewsCollectionViewCell.xib */ = {isa = PBXFileReference; fileEncoding = 4; lastKnownFileType = file.xib; path = MovieDetailReviewsCollectionViewCell.xib; sourceTree = "<group>"; };
		EA92E32928B1272400095689 /* SearchViewModel.swift */ = {isa = PBXFileReference; fileEncoding = 4; lastKnownFileType = sourcecode.swift; path = SearchViewModel.swift; sourceTree = "<group>"; };
		EA92E32B28B1272400095689 /* RecentSearchCollectionViewCell.swift */ = {isa = PBXFileReference; fileEncoding = 4; lastKnownFileType = sourcecode.swift; path = RecentSearchCollectionViewCell.swift; sourceTree = "<group>"; };
		EA92E32C28B1272400095689 /* SearchViewController.swift */ = {isa = PBXFileReference; fileEncoding = 4; lastKnownFileType = sourcecode.swift; path = SearchViewController.swift; sourceTree = "<group>"; };
		EA92E32D28B1272400095689 /* SearchTableViewController.swift */ = {isa = PBXFileReference; fileEncoding = 4; lastKnownFileType = sourcecode.swift; path = SearchTableViewController.swift; sourceTree = "<group>"; };
		EA92E33228B1287600095689 /* AuthUseCase.swift */ = {isa = PBXFileReference; fileEncoding = 4; lastKnownFileType = sourcecode.swift; path = AuthUseCase.swift; sourceTree = "<group>"; };
		EA92E33428B1288800095689 /* AccountRepository.swift */ = {isa = PBXFileReference; fileEncoding = 4; lastKnownFileType = sourcecode.swift; path = AccountRepository.swift; sourceTree = "<group>"; };
		EA92E33628B128A800095689 /* MovieAccountRepository.swift */ = {isa = PBXFileReference; fileEncoding = 4; lastKnownFileType = sourcecode.swift; path = MovieAccountRepository.swift; sourceTree = "<group>"; };
		EAA992EF2858CC1400B668C1 /* ViewModelType.swift */ = {isa = PBXFileReference; lastKnownFileType = sourcecode.swift; path = ViewModelType.swift; sourceTree = "<group>"; };
		EAA992F42859BD2700B668C1 /* RxCocoa+extension.swift */ = {isa = PBXFileReference; lastKnownFileType = sourcecode.swift; path = "RxCocoa+extension.swift"; sourceTree = "<group>"; };
		F5FA0FE4A63F7933BFF9918F /* Pods-MovieFinderUnitTests.debug.xcconfig */ = {isa = PBXFileReference; includeInIndex = 1; lastKnownFileType = text.xcconfig; name = "Pods-MovieFinderUnitTests.debug.xcconfig"; path = "Target Support Files/Pods-MovieFinderUnitTests/Pods-MovieFinderUnitTests.debug.xcconfig"; sourceTree = "<group>"; };
/* End PBXFileReference section */

/* Begin PBXFrameworksBuildPhase section */
		EA71E257282D7268003AAFB7 /* Frameworks */ = {
			isa = PBXFrameworksBuildPhase;
			buildActionMask = 2147483647;
			files = (
				72C02F5AD402FC66F3E8D507 /* Pods_MovieFinder.framework in Frameworks */,
			);
			runOnlyForDeploymentPostprocessing = 0;
		};
		EA71E2F42837D8F2003AAFB7 /* Frameworks */ = {
			isa = PBXFrameworksBuildPhase;
			buildActionMask = 2147483647;
			files = (
			);
			runOnlyForDeploymentPostprocessing = 0;
		};
		EA71E3062838A423003AAFB7 /* Frameworks */ = {
			isa = PBXFrameworksBuildPhase;
			buildActionMask = 2147483647;
			files = (
				75E9BFB03601C57B52A0414A /* Pods_MovieFinderUnitTests.framework in Frameworks */,
			);
			runOnlyForDeploymentPostprocessing = 0;
		};
/* End PBXFrameworksBuildPhase section */

/* Begin PBXGroup section */
		C89520ADFC3A60529F0CC70E /* Frameworks */ = {
			isa = PBXGroup;
			children = (
				36857CD6D13E6BE602091250 /* Pods_MovieFinder.framework */,
				48F953C371AE384D72BDB830 /* Pods_MovieFinderUnitTests.framework */,
			);
			name = Frameworks;
			sourceTree = "<group>";
		};
		EA012A0428B208ED00C80302 /* Auth */ = {
			isa = PBXGroup;
			children = (
				EA0129FE28B1FFB200C80302 /* TokenRequest.swift */,
				EA012A0528B21C3100C80302 /* SignUpRequest.swift */,
				EA012A0728B21C4E00C80302 /* SessionRequest.swift */,
			);
			name = Auth;
			sourceTree = "<group>";
		};
		EA012A0928B21C8100C80302 /* Protocol */ = {
			isa = PBXGroup;
			children = (
				EA0129FC28B1F6F400C80302 /* NetworkRequest.swift */,
			);
			name = Protocol;
			sourceTree = "<group>";
		};
		EA012A0A28B21E5200C80302 /* Detail */ = {
			isa = PBXGroup;
			children = (
				EA012A0B28B21E8600C80302 /* DetailMovieInfoRequest.swift */,
				EA012A0D28B22B8200C80302 /* DetailOmdbMovieInfoRequest.swift */,
				EA012A0F28B22B8D00C80302 /* ReviewsRequest.swift */,
			);
			name = Detail;
			sourceTree = "<group>";
		};
		EA012A1128B2353000C80302 /* Account */ = {
			isa = PBXGroup;
			children = (
				EA012A1228B2353C00C80302 /* RateRequest.swift */,
				EA012A1428B2356A00C80302 /* RateListRequest.swift */,
				EA012A1628B2381800C80302 /* AccountIdRequest.swift */,
				EA012A2028B23E9D00C80302 /* DeleteRatingRequest.swift */,
			);
			name = Account;
			sourceTree = "<group>";
		};
		EA012A1A28B23E3C00C80302 /* List */ = {
			isa = PBXGroup;
			children = (
				EA012A1828B2399900C80302 /* ImageRequest.swift */,
				EA012A1B28B23E4D00C80302 /* GenresRequest.swift */,
				EA012A2228B2407200C80302 /* ListRequest.swift */,
			);
			name = List;
			sourceTree = "<group>";
		};
		EA012A1D28B23E6600C80302 /* Search */ = {
			isa = PBXGroup;
			children = (
				EA012A1E28B23E8300C80302 /* KeywordRequest.swift */,
			);
			name = Search;
			sourceTree = "<group>";
		};
		EA53CCCC2848670900886D7A /* View Model */ = {
			isa = PBXGroup;
			children = (
				EA53CCD3284B51D700886D7A /* MovieListItemViewModel.swift */,
				EA6D37DF285B5C4200BF3084 /* Section.swift */,
				EA71E2A0283645CE003AAFB7 /* MovieListViewModel.swift */,
			);
			path = "View Model";
			sourceTree = "<group>";
		};
		EA53CCD9284B718C00886D7A /* Cell */ = {
			isa = PBXGroup;
			children = (
				EA5A12362844CCBC00B90038 /* MovieListCollectionViewCell.xib */,
				EA5A12352844CCBC00B90038 /* MovieListCollectionViewCell.swift */,
			);
			path = Cell;
			sourceTree = "<group>";
		};
		EA53CCDA284B968D00886D7A /* NetworkRequests */ = {
			isa = PBXGroup;
			children = (
				EA012A0928B21C8100C80302 /* Protocol */,
				EA012A0428B208ED00C80302 /* Auth */,
				EA012A1A28B23E3C00C80302 /* List */,
				EA012A0A28B21E5200C80302 /* Detail */,
				EA012A1D28B23E6600C80302 /* Search */,
				EA012A1128B2353000C80302 /* Account */,
				EA71E30328388D9B003AAFB7 /* URLManager.swift */,
				EA012A0028B2089B00C80302 /* MovieURLHost.swift */,
				EA012A0228B208BD00C80302 /* ApiKey.swift */,
			);
			path = NetworkRequests;
			sourceTree = "<group>";
		};
		EA53CCEF285481D400886D7A /* Coordinator */ = {
			isa = PBXGroup;
			children = (
				EA53CCE7285456A700886D7A /* AppCoordinator.swift */,
				EA53CCE928545F6500886D7A /* AuthCoordinator.swift */,
				EA53CCEB2854674A00886D7A /* MovieListCoordinator.swift */,
				EA6D37E5285C84DA00BF3084 /* SearchCoordinator.swift */,
				EA6D37E3285C84B000BF3084 /* MyAccountCoordinator.swift */,
			);
			path = Coordinator;
			sourceTree = "<group>";
		};
		EA5A1229283FD34C00B90038 /* UseCase */ = {
			isa = PBXGroup;
			children = (
				EA92E33228B1287600095689 /* AuthUseCase.swift */,
				EA5A1225283FB44600B90038 /* DefaultMoviesUseCase.swift */,
			);
			path = UseCase;
			sourceTree = "<group>";
		};
		EA5A122A283FD9A600B90038 /* Repository */ = {
			isa = PBXGroup;
			children = (
				EA6D37F1285E239700BF3084 /* AuthRepository.swift */,
				EA5A1223283FB0D200B90038 /* DefaultMoviesRepository.swift */,
				EA92E33428B1288800095689 /* AccountRepository.swift */,
			);
			path = Repository;
			sourceTree = "<group>";
		};
		EA5A12392844D7E000B90038 /* View */ = {
			isa = PBXGroup;
			children = (
				EA53CCD9284B718C00886D7A /* Cell */,
				EA9144312862D8210077B680 /* SectionBackgroundDecorationView.swift */,
				EA6D37E1285C30DE00BF3084 /* MovieListHeaderView.swift */,
				EA71E29E283621BE003AAFB7 /* MovieListViewController.swift */,
			);
			path = View;
			sourceTree = "<group>";
		};
		EA6D37F9285F315600BF3084 /* Repository Interface */ = {
			isa = PBXGroup;
			children = (
				EA6D37FC285F319A00BF3084 /* MovieAuthRepository.swift */,
				EA6D37FA285F316800BF3084 /* MoviesRepository.swift */,
				EA92E33628B128A800095689 /* MovieAccountRepository.swift */,
			);
			path = "Repository Interface";
			sourceTree = "<group>";
		};
		EA6D380828617BF300BF3084 /* View */ = {
			isa = PBXGroup;
			children = (
				EA92E32428B126FC00095689 /* MovieDetailReviewsCollectionViewCell.swift */,
				EA92E32528B126FC00095689 /* MovieDetailReviewsCollectionViewCell.xib */,
				EA9144392865ACE10077B680 /* PlotSummaryCollectionViewCell.swift */,
				EA91443A2865ACE10077B680 /* PlotSummaryCollectionViewCell.xib */,
				EA6D380E2861820800BF3084 /* MovieDetailHeaderView.swift */,
				EA71E2A4283646A0003AAFB7 /* MovieDetailViewController.swift */,
			);
			path = View;
			sourceTree = "<group>";
		};
		EA6D380928617BF800BF3084 /* View Model */ = {
			isa = PBXGroup;
			children = (
				EA71E2A22836465C003AAFB7 /* MovieDetailViewModel.swift */,
			);
			path = "View Model";
			sourceTree = "<group>";
		};
		EA71E251282D7268003AAFB7 = {
			isa = PBXGroup;
			children = (
				EA71E25C282D7268003AAFB7 /* MovieFinder */,
				EA71E30A2838A423003AAFB7 /* MovieFinderUnitTests */,
				EA71E25B282D7268003AAFB7 /* Products */,
				FA8C30A80B3F370FDC79915D /* Pods */,
				C89520ADFC3A60529F0CC70E /* Frameworks */,
			);
			sourceTree = "<group>";
		};
		EA71E25B282D7268003AAFB7 /* Products */ = {
			isa = PBXGroup;
			children = (
				EA71E25A282D7268003AAFB7 /* MovieFinder.app */,
				EA71E2F72837D8F2003AAFB7 /* MovieFinderTests.xctest */,
				EA71E3092838A423003AAFB7 /* MovieFinderUnitTests.xctest */,
			);
			name = Products;
			sourceTree = "<group>";
		};
		EA71E25C282D7268003AAFB7 /* MovieFinder */ = {
			isa = PBXGroup;
			children = (
				EA71E26B282D7269003AAFB7 /* Info.plist */,
				EA71E33B283F3226003AAFB7 /* Application */,
				EA71E338283F31E0003AAFB7 /* Util */,
				EA71E32E283E6C54003AAFB7 /* Presentation */,
				EA71E32D283E65DE003AAFB7 /* Domain */,
				EA71E27F282FECB0003AAFB7 /* Data */,
			);
			path = MovieFinder;
			sourceTree = "<group>";
		};
		EA71E279282FE069003AAFB7 /* Error */ = {
			isa = PBXGroup;
			children = (
				EA71E27D282FE367003AAFB7 /* JSONError.swift */,
				EA71E277282FE061003AAFB7 /* URLSessionError.swift */,
			);
			path = Error;
			sourceTree = "<group>";
		};
		EA71E27A282FE074003AAFB7 /* DTO */ = {
			isa = PBXGroup;
			children = (
				EA71E2B028364E94003AAFB7 /* Authentication */,
				EA71E2AE28364E6E003AAFB7 /* MovieList */,
				EA71E2AF28364E7A003AAFB7 /* MovieDetail */,
				EA71E2B128365469003AAFB7 /* Account */,
			);
			path = DTO;
			sourceTree = "<group>";
		};
		EA71E27F282FECB0003AAFB7 /* Data */ = {
			isa = PBXGroup;
			children = (
				EA71E27A282FE074003AAFB7 /* DTO */,
				EA5A122A283FD9A600B90038 /* Repository */,
				EA71E3162839FA50003AAFB7 /* Network */,
				EA71E27B282FE2EE003AAFB7 /* JSONParser.swift */,
				EA71E29C28354192003AAFB7 /* KeychainManager.swift */,
				EA71E336283E8F0B003AAFB7 /* ImageCacheManager.swift */,
				EA71E3122838F265003AAFB7 /* NetworkChecker.swift */,
			);
			path = Data;
			sourceTree = "<group>";
		};
		EA71E2AE28364E6E003AAFB7 /* MovieList */ = {
			isa = PBXGroup;
			children = (
				EA71E28928325F67003AAFB7 /* MovieListDTO.swift */,
				EA71E28B2832633A003AAFB7 /* MovieListItemDTO.swift */,
				EA53CCD12849FE9200886D7A /* GenresDTO.swift */,
			);
			path = MovieList;
			sourceTree = "<group>";
		};
		EA71E2AF28364E7A003AAFB7 /* MovieDetail */ = {
			isa = PBXGroup;
			children = (
				EA71E28128309B18003AAFB7 /* TMDBMovieDetailDTO.swift */,
				EA71E28D283341F2003AAFB7 /* OMDBMovieDetailDTO.swift */,
				EA71E28528323652003AAFB7 /* ReviewListDTO.swift */,
				EA71E2912833FD1A003AAFB7 /* VideoListDTO.swift */,
			);
			path = MovieDetail;
			sourceTree = "<group>";
		};
		EA71E2B028364E94003AAFB7 /* Authentication */ = {
			isa = PBXGroup;
			children = (
				EA71E2932834CF3F003AAFB7 /* Token.swift */,
				EA71E2972834E8D2003AAFB7 /* RequestToken.swift */,
				EA71E2952834E7B1003AAFB7 /* Session.swift */,
			);
			path = Authentication;
			sourceTree = "<group>";
		};
		EA71E2B128365469003AAFB7 /* Account */ = {
			isa = PBXGroup;
			children = (
				EA71E2B228365498003AAFB7 /* AccountDetailDTO.swift */,
				EA71E2B52836899C003AAFB7 /* RateDTO.swift */,
				EA5609B728A545AA007035A8 /* RateRespondDTO.swift */,
				EA5609B928A6B6D3007035A8 /* RatedMovieListDTO.swift */,
			);
			path = Account;
			sourceTree = "<group>";
		};
		EA71E30A2838A423003AAFB7 /* MovieFinderUnitTests */ = {
			isa = PBXGroup;
			children = (
				EA71E329283E3BB1003AAFB7 /* Test Double */,
				EA6D37ED285CC13400BF3084 /* MovieListViewModelTests.swift */,
				EA6D37F5285E297C00BF3084 /* AuthViewModelTests.swift */,
				EA6D37EF285CC21F00BF3084 /* Expectation+extension.swift */,
			);
			path = MovieFinderUnitTests;
			sourceTree = "<group>";
		};
		EA71E3162839FA50003AAFB7 /* Network */ = {
			isa = PBXGroup;
			children = (
				EA71E279282FE069003AAFB7 /* Error */,
				EA53CCDA284B968D00886D7A /* NetworkRequests */,
				EA71E273282FBC52003AAFB7 /* HttpMethod.swift */,
				EA71E28328309CCE003AAFB7 /* URLSessionProtocol.swift */,
				EA71E28728324B2B003AAFB7 /* URLSessionManager.swift */,
			);
			path = Network;
			sourceTree = "<group>";
		};
		EA71E329283E3BB1003AAFB7 /* Test Double */ = {
			isa = PBXGroup;
			children = (
				EA71E327283CA65D003AAFB7 /* URLSessionDataTaskStub.swift */,
				EA71E319283A08A9003AAFB7 /* URLSessionStub.swift */,
				EA6D37E7285CB1C500BF3084 /* FakeDefaultMoviesUseCase.swift */,
				EA6D37F7285E2AC800BF3084 /* FakeAuthRepository.swift */,
			);
			path = "Test Double";
			sourceTree = "<group>";
		};
		EA71E32D283E65DE003AAFB7 /* Domain */ = {
			isa = PBXGroup;
			children = (
				EA6D37F9285F315600BF3084 /* Repository Interface */,
				EA71E32F283E6C90003AAFB7 /* Entity */,
				EA5A1229283FD34C00B90038 /* UseCase */,
			);
			path = Domain;
			sourceTree = "<group>";
		};
		EA71E32E283E6C54003AAFB7 /* Presentation */ = {
			isa = PBXGroup;
			children = (
				EAA992EF2858CC1400B668C1 /* ViewModelType.swift */,
				EAA992F32859BD0600B668C1 /* Extension */,
				EA53CCEF285481D400886D7A /* Coordinator */,
				EA71E330283E6FA3003AAFB7 /* Authentication */,
				EA71E331283E6FD5003AAFB7 /* MovieList */,
				EA71E332283E6FDE003AAFB7 /* MovieDetail */,
				EA71E333283E6FE7003AAFB7 /* Search */,
				EA71E335283E6FFD003AAFB7 /* MyAccount */,
			);
			path = Presentation;
			sourceTree = "<group>";
		};
		EA71E32F283E6C90003AAFB7 /* Entity */ = {
			isa = PBXGroup;
			children = (
				EA53CCDB284B96C200886D7A /* MovieLists.swift */,
				EA5A1227283FB5CD00B90038 /* MovieListItem.swift */,
				EA6D3802286094E200BF3084 /* MovieDetailBasicInfo.swift */,
				EA6D3804286094F300BF3084 /* MovieDetailReview.swift */,
				EA6D3806286094FD00BF3084 /* MovieDetailTrailer.swift */,
			);
			path = Entity;
			sourceTree = "<group>";
		};
		EA71E330283E6FA3003AAFB7 /* Authentication */ = {
			isa = PBXGroup;
			children = (
				EA5A1231283FE2BA00B90038 /* AuthViewController.storyboard */,
				EA71E261282D7268003AAFB7 /* AuthViewController.swift */,
				EA71E29A283501E2003AAFB7 /* AuthViewModel.swift */,
			);
			path = Authentication;
			sourceTree = "<group>";
		};
		EA71E331283E6FD5003AAFB7 /* MovieList */ = {
			isa = PBXGroup;
			children = (
				EA5A12392844D7E000B90038 /* View */,
				EA53CCCC2848670900886D7A /* View Model */,
			);
			path = MovieList;
			sourceTree = "<group>";
		};
		EA71E332283E6FDE003AAFB7 /* MovieDetail */ = {
			isa = PBXGroup;
			children = (
				EA6D380828617BF300BF3084 /* View */,
				EA6D380928617BF800BF3084 /* View Model */,
			);
			path = MovieDetail;
			sourceTree = "<group>";
		};
		EA71E333283E6FE7003AAFB7 /* Search */ = {
			isa = PBXGroup;
			children = (
				EA92E32A28B1272400095689 /* View */,
				EA92E32828B1272400095689 /* View Model */,
			);
			path = Search;
			sourceTree = "<group>";
		};
		EA71E335283E6FFD003AAFB7 /* MyAccount */ = {
			isa = PBXGroup;
			children = (
				EA71E2AA28364AEE003AAFB7 /* MyAccountViewController.swift */,
				EA71E2AC28364B02003AAFB7 /* MyAccountViewModel.swift */,
			);
			path = MyAccount;
			sourceTree = "<group>";
		};
		EA71E338283F31E0003AAFB7 /* Util */ = {
			isa = PBXGroup;
			children = (
				EA71E339283F31F8003AAFB7 /* DownloadableUIImageView.swift */,
			);
			path = Util;
			sourceTree = "<group>";
		};
		EA71E33B283F3226003AAFB7 /* Application */ = {
			isa = PBXGroup;
			children = (
				EA71E25D282D7268003AAFB7 /* AppDelegate.swift */,
				EA71E25F282D7268003AAFB7 /* SceneDelegate.swift */,
				EA71E268282D7269003AAFB7 /* LaunchScreen.storyboard */,
				EA71E266282D7269003AAFB7 /* Assets.xcassets */,
			);
			path = Application;
			sourceTree = "<group>";
		};
		EA92E32828B1272400095689 /* View Model */ = {
			isa = PBXGroup;
			children = (
				EA92E32928B1272400095689 /* SearchViewModel.swift */,
			);
			path = "View Model";
			sourceTree = "<group>";
		};
		EA92E32A28B1272400095689 /* View */ = {
			isa = PBXGroup;
			children = (
				EA92E32B28B1272400095689 /* RecentSearchCollectionViewCell.swift */,
				EA92E32C28B1272400095689 /* SearchViewController.swift */,
				EA92E32D28B1272400095689 /* SearchTableViewController.swift */,
			);
			path = View;
			sourceTree = "<group>";
		};
		EAA992F32859BD0600B668C1 /* Extension */ = {
			isa = PBXGroup;
			children = (
				EAA992F42859BD2700B668C1 /* RxCocoa+extension.swift */,
				EA91443D286A95520077B680 /* UIImage+extension.swift */,
				EA9144332862E5200077B680 /* UICollectionView+extension.swift */,
			);
			path = Extension;
			sourceTree = "<group>";
		};
		FA8C30A80B3F370FDC79915D /* Pods */ = {
			isa = PBXGroup;
			children = (
				A1837A1850C1B3F97BE62BC9 /* Pods-MovieFinder.debug.xcconfig */,
				825B2D5760DFDA21953AD3B6 /* Pods-MovieFinder.release.xcconfig */,
				F5FA0FE4A63F7933BFF9918F /* Pods-MovieFinderUnitTests.debug.xcconfig */,
				6971199F49E0B21535FDDFF4 /* Pods-MovieFinderUnitTests.release.xcconfig */,
			);
			path = Pods;
			sourceTree = "<group>";
		};
/* End PBXGroup section */

/* Begin PBXNativeTarget section */
		EA71E259282D7268003AAFB7 /* MovieFinder */ = {
			isa = PBXNativeTarget;
			buildConfigurationList = EA71E26E282D7269003AAFB7 /* Build configuration list for PBXNativeTarget "MovieFinder" */;
			buildPhases = (
				AD7207046F18F971D1E36069 /* [CP] Check Pods Manifest.lock */,
				EA71E256282D7268003AAFB7 /* Sources */,
				EA71E257282D7268003AAFB7 /* Frameworks */,
				EA71E258282D7268003AAFB7 /* Resources */,
				CFA190F661550558AE7CB3ED /* [CP] Embed Pods Frameworks */,
			);
			buildRules = (
			);
			dependencies = (
			);
			name = MovieFinder;
			productName = MovieFinder;
			productReference = EA71E25A282D7268003AAFB7 /* MovieFinder.app */;
			productType = "com.apple.product-type.application";
		};
		EA71E2F62837D8F2003AAFB7 /* MovieFinderTests */ = {
			isa = PBXNativeTarget;
			buildConfigurationList = EA71E2FF2837D8F2003AAFB7 /* Build configuration list for PBXNativeTarget "MovieFinderTests" */;
			buildPhases = (
				EA71E2F32837D8F2003AAFB7 /* Sources */,
				EA71E2F42837D8F2003AAFB7 /* Frameworks */,
				EA71E2F52837D8F2003AAFB7 /* Resources */,
			);
			buildRules = (
			);
			dependencies = (
				EA71E2FC2837D8F2003AAFB7 /* PBXTargetDependency */,
			);
			name = MovieFinderTests;
			productName = MovieFinderTests;
			productReference = EA71E2F72837D8F2003AAFB7 /* MovieFinderTests.xctest */;
			productType = "com.apple.product-type.bundle.unit-test";
		};
		EA71E3082838A423003AAFB7 /* MovieFinderUnitTests */ = {
			isa = PBXNativeTarget;
			buildConfigurationList = EA71E30F2838A423003AAFB7 /* Build configuration list for PBXNativeTarget "MovieFinderUnitTests" */;
			buildPhases = (
				F87C59AFF83ECC1E81995131 /* [CP] Check Pods Manifest.lock */,
				EA71E3052838A423003AAFB7 /* Sources */,
				EA71E3062838A423003AAFB7 /* Frameworks */,
				EA71E3072838A423003AAFB7 /* Resources */,
				B031D86657B80213DA6A13D3 /* [CP] Embed Pods Frameworks */,
			);
			buildRules = (
			);
			dependencies = (
				EA71E30E2838A423003AAFB7 /* PBXTargetDependency */,
			);
			name = MovieFinderUnitTests;
			productName = MovieFinderUnitTests;
			productReference = EA71E3092838A423003AAFB7 /* MovieFinderUnitTests.xctest */;
			productType = "com.apple.product-type.bundle.unit-test";
		};
/* End PBXNativeTarget section */

/* Begin PBXProject section */
		EA71E252282D7268003AAFB7 /* Project object */ = {
			isa = PBXProject;
			attributes = {
				BuildIndependentTargetsInParallel = 1;
				LastSwiftUpdateCheck = 1330;
				LastUpgradeCheck = 1330;
				TargetAttributes = {
					EA71E259282D7268003AAFB7 = {
						CreatedOnToolsVersion = 13.3.1;
					};
					EA71E2F62837D8F2003AAFB7 = {
						CreatedOnToolsVersion = 13.3.1;
						TestTargetID = EA71E259282D7268003AAFB7;
					};
					EA71E3082838A423003AAFB7 = {
						CreatedOnToolsVersion = 13.3.1;
						TestTargetID = EA71E259282D7268003AAFB7;
					};
				};
			};
			buildConfigurationList = EA71E255282D7268003AAFB7 /* Build configuration list for PBXProject "MovieFinder" */;
			compatibilityVersion = "Xcode 13.0";
			developmentRegion = en;
			hasScannedForEncodings = 0;
			knownRegions = (
				en,
				Base,
			);
			mainGroup = EA71E251282D7268003AAFB7;
			productRefGroup = EA71E25B282D7268003AAFB7 /* Products */;
			projectDirPath = "";
			projectRoot = "";
			targets = (
				EA71E259282D7268003AAFB7 /* MovieFinder */,
				EA71E2F62837D8F2003AAFB7 /* MovieFinderTests */,
				EA71E3082838A423003AAFB7 /* MovieFinderUnitTests */,
			);
		};
/* End PBXProject section */

/* Begin PBXResourcesBuildPhase section */
		EA71E258282D7268003AAFB7 /* Resources */ = {
			isa = PBXResourcesBuildPhase;
			buildActionMask = 2147483647;
			files = (
				EA71E26A282D7269003AAFB7 /* LaunchScreen.storyboard in Resources */,
				EA5A12382844CCBC00B90038 /* MovieListCollectionViewCell.xib in Resources */,
				EA71E267282D7269003AAFB7 /* Assets.xcassets in Resources */,
				EA91443C2865ACE10077B680 /* PlotSummaryCollectionViewCell.xib in Resources */,
				EA5A1232283FE2BA00B90038 /* AuthViewController.storyboard in Resources */,
				EA92E32728B126FC00095689 /* MovieDetailReviewsCollectionViewCell.xib in Resources */,
			);
			runOnlyForDeploymentPostprocessing = 0;
		};
		EA71E2F52837D8F2003AAFB7 /* Resources */ = {
			isa = PBXResourcesBuildPhase;
			buildActionMask = 2147483647;
			files = (
			);
			runOnlyForDeploymentPostprocessing = 0;
		};
		EA71E3072838A423003AAFB7 /* Resources */ = {
			isa = PBXResourcesBuildPhase;
			buildActionMask = 2147483647;
			files = (
			);
			runOnlyForDeploymentPostprocessing = 0;
		};
/* End PBXResourcesBuildPhase section */

/* Begin PBXShellScriptBuildPhase section */
		AD7207046F18F971D1E36069 /* [CP] Check Pods Manifest.lock */ = {
			isa = PBXShellScriptBuildPhase;
			buildActionMask = 2147483647;
			files = (
			);
			inputFileListPaths = (
			);
			inputPaths = (
				"${PODS_PODFILE_DIR_PATH}/Podfile.lock",
				"${PODS_ROOT}/Manifest.lock",
			);
			name = "[CP] Check Pods Manifest.lock";
			outputFileListPaths = (
			);
			outputPaths = (
				"$(DERIVED_FILE_DIR)/Pods-MovieFinder-checkManifestLockResult.txt",
			);
			runOnlyForDeploymentPostprocessing = 0;
			shellPath = /bin/sh;
			shellScript = "diff \"${PODS_PODFILE_DIR_PATH}/Podfile.lock\" \"${PODS_ROOT}/Manifest.lock\" > /dev/null\nif [ $? != 0 ] ; then\n    # print error to STDERR\n    echo \"error: The sandbox is not in sync with the Podfile.lock. Run 'pod install' or update your CocoaPods installation.\" >&2\n    exit 1\nfi\n# This output is used by Xcode 'outputs' to avoid re-running this script phase.\necho \"SUCCESS\" > \"${SCRIPT_OUTPUT_FILE_0}\"\n";
			showEnvVarsInLog = 0;
		};
		B031D86657B80213DA6A13D3 /* [CP] Embed Pods Frameworks */ = {
			isa = PBXShellScriptBuildPhase;
			buildActionMask = 2147483647;
			files = (
			);
			inputFileListPaths = (
				"${PODS_ROOT}/Target Support Files/Pods-MovieFinderUnitTests/Pods-MovieFinderUnitTests-frameworks-${CONFIGURATION}-input-files.xcfilelist",
			);
			name = "[CP] Embed Pods Frameworks";
			outputFileListPaths = (
				"${PODS_ROOT}/Target Support Files/Pods-MovieFinderUnitTests/Pods-MovieFinderUnitTests-frameworks-${CONFIGURATION}-output-files.xcfilelist",
			);
			runOnlyForDeploymentPostprocessing = 0;
			shellPath = /bin/sh;
			shellScript = "\"${PODS_ROOT}/Target Support Files/Pods-MovieFinderUnitTests/Pods-MovieFinderUnitTests-frameworks.sh\"\n";
			showEnvVarsInLog = 0;
		};
		CFA190F661550558AE7CB3ED /* [CP] Embed Pods Frameworks */ = {
			isa = PBXShellScriptBuildPhase;
			buildActionMask = 2147483647;
			files = (
			);
			inputFileListPaths = (
				"${PODS_ROOT}/Target Support Files/Pods-MovieFinder/Pods-MovieFinder-frameworks-${CONFIGURATION}-input-files.xcfilelist",
			);
			name = "[CP] Embed Pods Frameworks";
			outputFileListPaths = (
				"${PODS_ROOT}/Target Support Files/Pods-MovieFinder/Pods-MovieFinder-frameworks-${CONFIGURATION}-output-files.xcfilelist",
			);
			runOnlyForDeploymentPostprocessing = 0;
			shellPath = /bin/sh;
			shellScript = "\"${PODS_ROOT}/Target Support Files/Pods-MovieFinder/Pods-MovieFinder-frameworks.sh\"\n";
			showEnvVarsInLog = 0;
		};
		F87C59AFF83ECC1E81995131 /* [CP] Check Pods Manifest.lock */ = {
			isa = PBXShellScriptBuildPhase;
			buildActionMask = 2147483647;
			files = (
			);
			inputFileListPaths = (
			);
			inputPaths = (
				"${PODS_PODFILE_DIR_PATH}/Podfile.lock",
				"${PODS_ROOT}/Manifest.lock",
			);
			name = "[CP] Check Pods Manifest.lock";
			outputFileListPaths = (
			);
			outputPaths = (
				"$(DERIVED_FILE_DIR)/Pods-MovieFinderUnitTests-checkManifestLockResult.txt",
			);
			runOnlyForDeploymentPostprocessing = 0;
			shellPath = /bin/sh;
			shellScript = "diff \"${PODS_PODFILE_DIR_PATH}/Podfile.lock\" \"${PODS_ROOT}/Manifest.lock\" > /dev/null\nif [ $? != 0 ] ; then\n    # print error to STDERR\n    echo \"error: The sandbox is not in sync with the Podfile.lock. Run 'pod install' or update your CocoaPods installation.\" >&2\n    exit 1\nfi\n# This output is used by Xcode 'outputs' to avoid re-running this script phase.\necho \"SUCCESS\" > \"${SCRIPT_OUTPUT_FILE_0}\"\n";
			showEnvVarsInLog = 0;
		};
/* End PBXShellScriptBuildPhase section */

/* Begin PBXSourcesBuildPhase section */
		EA71E256282D7268003AAFB7 /* Sources */ = {
			isa = PBXSourcesBuildPhase;
			buildActionMask = 2147483647;
			files = (
				EA6D37E0285B5C4200BF3084 /* Section.swift in Sources */,
				EA012A1C28B23E4D00C80302 /* GenresRequest.swift in Sources */,
				EA92E33528B1288800095689 /* AccountRepository.swift in Sources */,
				EA71E278282FE061003AAFB7 /* URLSessionError.swift in Sources */,
				EA5609BA28A6B6D3007035A8 /* RatedMovieListDTO.swift in Sources */,
				EA91443B2865ACE10077B680 /* PlotSummaryCollectionViewCell.swift in Sources */,
				EA6D380F2861820800BF3084 /* MovieDetailHeaderView.swift in Sources */,
				EA6D3805286094F300BF3084 /* MovieDetailReview.swift in Sources */,
				EA71E29F283621BE003AAFB7 /* MovieListViewController.swift in Sources */,
				EA012A1728B2381800C80302 /* AccountIdRequest.swift in Sources */,
				EA71E27C282FE2EE003AAFB7 /* JSONParser.swift in Sources */,
				EA71E2A5283646A0003AAFB7 /* MovieDetailViewController.swift in Sources */,
				EA71E2982834E8D2003AAFB7 /* RequestToken.swift in Sources */,
				EAA992F52859BD2700B668C1 /* RxCocoa+extension.swift in Sources */,
				EA71E27E282FE367003AAFB7 /* JSONError.swift in Sources */,
				EA012A1928B2399900C80302 /* ImageRequest.swift in Sources */,
				EA71E262282D7268003AAFB7 /* AuthViewController.swift in Sources */,
				EA53CCD4284B51D700886D7A /* MovieListItemViewModel.swift in Sources */,
				EA92E32E28B1272400095689 /* SearchViewModel.swift in Sources */,
				EA5A12372844CCBC00B90038 /* MovieListCollectionViewCell.swift in Sources */,
				EA012A1028B22B8D00C80302 /* ReviewsRequest.swift in Sources */,
				EA71E28E283341F2003AAFB7 /* OMDBMovieDetailDTO.swift in Sources */,
				EA71E28628323652003AAFB7 /* ReviewListDTO.swift in Sources */,
				EA9144342862E5200077B680 /* UICollectionView+extension.swift in Sources */,
				EA71E28428309CCE003AAFB7 /* URLSessionProtocol.swift in Sources */,
				EA0129FF28B1FFB200C80302 /* TokenRequest.swift in Sources */,
				EA6D37E4285C84B000BF3084 /* MyAccountCoordinator.swift in Sources */,
				EA012A1528B2356A00C80302 /* RateListRequest.swift in Sources */,
				EA6D37F2285E239700BF3084 /* AuthRepository.swift in Sources */,
				EA71E29B283501E2003AAFB7 /* AuthViewModel.swift in Sources */,
				EA92E33328B1287600095689 /* AuthUseCase.swift in Sources */,
				EA53CCEC2854674A00886D7A /* MovieListCoordinator.swift in Sources */,
				EA71E2A1283645CE003AAFB7 /* MovieListViewModel.swift in Sources */,
				EA71E2942834CF3F003AAFB7 /* Token.swift in Sources */,
				EA012A0628B21C3100C80302 /* SignUpRequest.swift in Sources */,
				EA71E30428388D9B003AAFB7 /* URLManager.swift in Sources */,
				EA012A0828B21C4E00C80302 /* SessionRequest.swift in Sources */,
				EA71E28A28325F67003AAFB7 /* MovieListDTO.swift in Sources */,
				EA71E2962834E7B1003AAFB7 /* Session.swift in Sources */,
				EA71E2B62836899C003AAFB7 /* RateDTO.swift in Sources */,
				EA6D37E2285C30DE00BF3084 /* MovieListHeaderView.swift in Sources */,
				EA5609B828A545AA007035A8 /* RateRespondDTO.swift in Sources */,
				EA012A1F28B23E8300C80302 /* KeywordRequest.swift in Sources */,
				EA71E32A283E3BCD003AAFB7 /* URLSessionDataTaskStub.swift in Sources */,
				EA53CCEA28545F6500886D7A /* AuthCoordinator.swift in Sources */,
				EA92E33128B1272400095689 /* SearchTableViewController.swift in Sources */,
				EA71E25E282D7268003AAFB7 /* AppDelegate.swift in Sources */,
				EA012A0E28B22B8200C80302 /* DetailOmdbMovieInfoRequest.swift in Sources */,
				EA012A0128B2089B00C80302 /* MovieURLHost.swift in Sources */,
				EA92E32F28B1272400095689 /* RecentSearchCollectionViewCell.swift in Sources */,
				EA0129FD28B1F6F400C80302 /* NetworkRequest.swift in Sources */,
				EA71E2922833FD1A003AAFB7 /* VideoListDTO.swift in Sources */,
				EA5A1226283FB44600B90038 /* DefaultMoviesUseCase.swift in Sources */,
				EA6D37E6285C84DA00BF3084 /* SearchCoordinator.swift in Sources */,
				EA71E2AB28364AEE003AAFB7 /* MyAccountViewController.swift in Sources */,
				EA012A1328B2353C00C80302 /* RateRequest.swift in Sources */,
				EA92E32628B126FC00095689 /* MovieDetailReviewsCollectionViewCell.swift in Sources */,
				EA71E33A283F31F8003AAFB7 /* DownloadableUIImageView.swift in Sources */,
				EA71E3132838F265003AAFB7 /* NetworkChecker.swift in Sources */,
				EA012A0328B208BD00C80302 /* ApiKey.swift in Sources */,
				EA012A2128B23E9D00C80302 /* DeleteRatingRequest.swift in Sources */,
				EA5A1228283FB5CE00B90038 /* MovieListItem.swift in Sources */,
				EA6D3803286094E300BF3084 /* MovieDetailBasicInfo.swift in Sources */,
				EA6D37FB285F316800BF3084 /* MoviesRepository.swift in Sources */,
				EA71E28228309B18003AAFB7 /* TMDBMovieDetailDTO.swift in Sources */,
				EA71E29D28354192003AAFB7 /* KeychainManager.swift in Sources */,
				EA91443E286A95520077B680 /* UIImage+extension.swift in Sources */,
				EA92E33028B1272400095689 /* SearchViewController.swift in Sources */,
				EA012A0C28B21E8600C80302 /* DetailMovieInfoRequest.swift in Sources */,
				EA6D3807286094FD00BF3084 /* MovieDetailTrailer.swift in Sources */,
				EA53CCE8285456A700886D7A /* AppCoordinator.swift in Sources */,
				EA71E28C2832633A003AAFB7 /* MovieListItemDTO.swift in Sources */,
				EA71E337283E8F0B003AAFB7 /* ImageCacheManager.swift in Sources */,
				EA5A1224283FB0D200B90038 /* DefaultMoviesRepository.swift in Sources */,
				EA71E2A32836465C003AAFB7 /* MovieDetailViewModel.swift in Sources */,
				EA53CCD22849FE9200886D7A /* GenresDTO.swift in Sources */,
				EA53CCDC284B96C200886D7A /* MovieLists.swift in Sources */,
				EA71E28828324B2B003AAFB7 /* URLSessionManager.swift in Sources */,
				EAA992F02858CC1400B668C1 /* ViewModelType.swift in Sources */,
				EA71E260282D7268003AAFB7 /* SceneDelegate.swift in Sources */,
				EA71E32B283E3BD0003AAFB7 /* URLSessionStub.swift in Sources */,
				EA71E2AD28364B02003AAFB7 /* MyAccountViewModel.swift in Sources */,
				EA71E274282FBC52003AAFB7 /* HttpMethod.swift in Sources */,
				EA012A2328B2407200C80302 /* ListRequest.swift in Sources */,
				EA92E33728B128A800095689 /* MovieAccountRepository.swift in Sources */,
				EA6D37FD285F319A00BF3084 /* MovieAuthRepository.swift in Sources */,
				EA9144322862D8210077B680 /* SectionBackgroundDecorationView.swift in Sources */,
				EA71E2B328365498003AAFB7 /* AccountDetailDTO.swift in Sources */,
			);
			runOnlyForDeploymentPostprocessing = 0;
		};
		EA71E2F32837D8F2003AAFB7 /* Sources */ = {
			isa = PBXSourcesBuildPhase;
			buildActionMask = 2147483647;
			files = (
			);
			runOnlyForDeploymentPostprocessing = 0;
		};
		EA71E3052838A423003AAFB7 /* Sources */ = {
			isa = PBXSourcesBuildPhase;
			buildActionMask = 2147483647;
			files = (
				EA6D37F6285E297C00BF3084 /* AuthViewModelTests.swift in Sources */,
				EA6D37F8285E2AC900BF3084 /* FakeAuthRepository.swift in Sources */,
				EA6D37EE285CC13400BF3084 /* MovieListViewModelTests.swift in Sources */,
				EA012A2A28B4622C00C80302 /* MovieListViewController.swift in Sources */,
				EA6D37E8285CB1C500BF3084 /* FakeDefaultMoviesUseCase.swift in Sources */,
				EA6D37F0285CC21F00BF3084 /* Expectation+extension.swift in Sources */,
			);
			runOnlyForDeploymentPostprocessing = 0;
		};
/* End PBXSourcesBuildPhase section */

/* Begin PBXTargetDependency section */
		EA71E2FC2837D8F2003AAFB7 /* PBXTargetDependency */ = {
			isa = PBXTargetDependency;
			target = EA71E259282D7268003AAFB7 /* MovieFinder */;
			targetProxy = EA71E2FB2837D8F2003AAFB7 /* PBXContainerItemProxy */;
		};
		EA71E30E2838A423003AAFB7 /* PBXTargetDependency */ = {
			isa = PBXTargetDependency;
			target = EA71E259282D7268003AAFB7 /* MovieFinder */;
			targetProxy = EA71E30D2838A423003AAFB7 /* PBXContainerItemProxy */;
		};
/* End PBXTargetDependency section */

/* Begin PBXVariantGroup section */
		EA71E268282D7269003AAFB7 /* LaunchScreen.storyboard */ = {
			isa = PBXVariantGroup;
			children = (
				EA71E269282D7269003AAFB7 /* Base */,
			);
			name = LaunchScreen.storyboard;
			sourceTree = "<group>";
		};
/* End PBXVariantGroup section */

/* Begin XCBuildConfiguration section */
		EA71E26C282D7269003AAFB7 /* Debug */ = {
			isa = XCBuildConfiguration;
			buildSettings = {
				ALWAYS_SEARCH_USER_PATHS = NO;
				CLANG_ANALYZER_NONNULL = YES;
				CLANG_ANALYZER_NUMBER_OBJECT_CONVERSION = YES_AGGRESSIVE;
				CLANG_CXX_LANGUAGE_STANDARD = "gnu++17";
				CLANG_ENABLE_MODULES = YES;
				CLANG_ENABLE_OBJC_ARC = YES;
				CLANG_ENABLE_OBJC_WEAK = YES;
				CLANG_WARN_BLOCK_CAPTURE_AUTORELEASING = YES;
				CLANG_WARN_BOOL_CONVERSION = YES;
				CLANG_WARN_COMMA = YES;
				CLANG_WARN_CONSTANT_CONVERSION = YES;
				CLANG_WARN_DEPRECATED_OBJC_IMPLEMENTATIONS = YES;
				CLANG_WARN_DIRECT_OBJC_ISA_USAGE = YES_ERROR;
				CLANG_WARN_DOCUMENTATION_COMMENTS = YES;
				CLANG_WARN_EMPTY_BODY = YES;
				CLANG_WARN_ENUM_CONVERSION = YES;
				CLANG_WARN_INFINITE_RECURSION = YES;
				CLANG_WARN_INT_CONVERSION = YES;
				CLANG_WARN_NON_LITERAL_NULL_CONVERSION = YES;
				CLANG_WARN_OBJC_IMPLICIT_RETAIN_SELF = YES;
				CLANG_WARN_OBJC_LITERAL_CONVERSION = YES;
				CLANG_WARN_OBJC_ROOT_CLASS = YES_ERROR;
				CLANG_WARN_QUOTED_INCLUDE_IN_FRAMEWORK_HEADER = YES;
				CLANG_WARN_RANGE_LOOP_ANALYSIS = YES;
				CLANG_WARN_STRICT_PROTOTYPES = YES;
				CLANG_WARN_SUSPICIOUS_MOVE = YES;
				CLANG_WARN_UNGUARDED_AVAILABILITY = YES_AGGRESSIVE;
				CLANG_WARN_UNREACHABLE_CODE = YES;
				CLANG_WARN__DUPLICATE_METHOD_MATCH = YES;
				COPY_PHASE_STRIP = NO;
				DEBUG_INFORMATION_FORMAT = dwarf;
				ENABLE_STRICT_OBJC_MSGSEND = YES;
				ENABLE_TESTABILITY = YES;
				GCC_C_LANGUAGE_STANDARD = gnu11;
				GCC_DYNAMIC_NO_PIC = NO;
				GCC_NO_COMMON_BLOCKS = YES;
				GCC_OPTIMIZATION_LEVEL = 0;
				GCC_PREPROCESSOR_DEFINITIONS = (
					"DEBUG=1",
					"$(inherited)",
				);
				GCC_WARN_64_TO_32_BIT_CONVERSION = YES;
				GCC_WARN_ABOUT_RETURN_TYPE = YES_ERROR;
				GCC_WARN_UNDECLARED_SELECTOR = YES;
				GCC_WARN_UNINITIALIZED_AUTOS = YES_AGGRESSIVE;
				GCC_WARN_UNUSED_FUNCTION = YES;
				GCC_WARN_UNUSED_VARIABLE = YES;
				IPHONEOS_DEPLOYMENT_TARGET = 15.4;
				MTL_ENABLE_DEBUG_INFO = INCLUDE_SOURCE;
				MTL_FAST_MATH = YES;
				ONLY_ACTIVE_ARCH = YES;
				SDKROOT = iphoneos;
				SWIFT_ACTIVE_COMPILATION_CONDITIONS = DEBUG;
				SWIFT_OPTIMIZATION_LEVEL = "-Onone";
			};
			name = Debug;
		};
		EA71E26D282D7269003AAFB7 /* Release */ = {
			isa = XCBuildConfiguration;
			buildSettings = {
				ALWAYS_SEARCH_USER_PATHS = NO;
				CLANG_ANALYZER_NONNULL = YES;
				CLANG_ANALYZER_NUMBER_OBJECT_CONVERSION = YES_AGGRESSIVE;
				CLANG_CXX_LANGUAGE_STANDARD = "gnu++17";
				CLANG_ENABLE_MODULES = YES;
				CLANG_ENABLE_OBJC_ARC = YES;
				CLANG_ENABLE_OBJC_WEAK = YES;
				CLANG_WARN_BLOCK_CAPTURE_AUTORELEASING = YES;
				CLANG_WARN_BOOL_CONVERSION = YES;
				CLANG_WARN_COMMA = YES;
				CLANG_WARN_CONSTANT_CONVERSION = YES;
				CLANG_WARN_DEPRECATED_OBJC_IMPLEMENTATIONS = YES;
				CLANG_WARN_DIRECT_OBJC_ISA_USAGE = YES_ERROR;
				CLANG_WARN_DOCUMENTATION_COMMENTS = YES;
				CLANG_WARN_EMPTY_BODY = YES;
				CLANG_WARN_ENUM_CONVERSION = YES;
				CLANG_WARN_INFINITE_RECURSION = YES;
				CLANG_WARN_INT_CONVERSION = YES;
				CLANG_WARN_NON_LITERAL_NULL_CONVERSION = YES;
				CLANG_WARN_OBJC_IMPLICIT_RETAIN_SELF = YES;
				CLANG_WARN_OBJC_LITERAL_CONVERSION = YES;
				CLANG_WARN_OBJC_ROOT_CLASS = YES_ERROR;
				CLANG_WARN_QUOTED_INCLUDE_IN_FRAMEWORK_HEADER = YES;
				CLANG_WARN_RANGE_LOOP_ANALYSIS = YES;
				CLANG_WARN_STRICT_PROTOTYPES = YES;
				CLANG_WARN_SUSPICIOUS_MOVE = YES;
				CLANG_WARN_UNGUARDED_AVAILABILITY = YES_AGGRESSIVE;
				CLANG_WARN_UNREACHABLE_CODE = YES;
				CLANG_WARN__DUPLICATE_METHOD_MATCH = YES;
				COPY_PHASE_STRIP = NO;
				DEBUG_INFORMATION_FORMAT = "dwarf-with-dsym";
				ENABLE_NS_ASSERTIONS = NO;
				ENABLE_STRICT_OBJC_MSGSEND = YES;
				GCC_C_LANGUAGE_STANDARD = gnu11;
				GCC_NO_COMMON_BLOCKS = YES;
				GCC_WARN_64_TO_32_BIT_CONVERSION = YES;
				GCC_WARN_ABOUT_RETURN_TYPE = YES_ERROR;
				GCC_WARN_UNDECLARED_SELECTOR = YES;
				GCC_WARN_UNINITIALIZED_AUTOS = YES_AGGRESSIVE;
				GCC_WARN_UNUSED_FUNCTION = YES;
				GCC_WARN_UNUSED_VARIABLE = YES;
				IPHONEOS_DEPLOYMENT_TARGET = 15.4;
				MTL_ENABLE_DEBUG_INFO = NO;
				MTL_FAST_MATH = YES;
				SDKROOT = iphoneos;
				SWIFT_COMPILATION_MODE = wholemodule;
				SWIFT_OPTIMIZATION_LEVEL = "-O";
				VALIDATE_PRODUCT = YES;
			};
			name = Release;
		};
		EA71E26F282D7269003AAFB7 /* Debug */ = {
			isa = XCBuildConfiguration;
			baseConfigurationReference = A1837A1850C1B3F97BE62BC9 /* Pods-MovieFinder.debug.xcconfig */;
			buildSettings = {
				ASSETCATALOG_COMPILER_APPICON_NAME = AppIcon;
				ASSETCATALOG_COMPILER_GLOBAL_ACCENT_COLOR_NAME = AccentColor;
				CODE_SIGN_STYLE = Automatic;
				CURRENT_PROJECT_VERSION = 1;
				DEVELOPMENT_TEAM = HK42Z7UX9X;
				GENERATE_INFOPLIST_FILE = YES;
				INFOPLIST_FILE = MovieFinder/Info.plist;
				INFOPLIST_KEY_UIApplicationSupportsIndirectInputEvents = YES;
				INFOPLIST_KEY_UILaunchStoryboardName = LaunchScreen;
				INFOPLIST_KEY_UISupportedInterfaceOrientations_iPad = "UIInterfaceOrientationPortrait UIInterfaceOrientationPortraitUpsideDown UIInterfaceOrientationLandscapeLeft UIInterfaceOrientationLandscapeRight";
				INFOPLIST_KEY_UISupportedInterfaceOrientations_iPhone = "UIInterfaceOrientationPortrait UIInterfaceOrientationLandscapeLeft UIInterfaceOrientationLandscapeRight";
				IPHONEOS_DEPLOYMENT_TARGET = 15.4;
				LD_RUNPATH_SEARCH_PATHS = (
					"$(inherited)",
					"@executable_path/Frameworks",
				);
				MARKETING_VERSION = 1.0;
				PRODUCT_BUNDLE_IDENTIFIER = com.jane.MovieFinder;
				PRODUCT_NAME = "$(TARGET_NAME)";
				SWIFT_EMIT_LOC_STRINGS = YES;
				SWIFT_VERSION = 5.0;
				TARGETED_DEVICE_FAMILY = 1;
			};
			name = Debug;
		};
		EA71E270282D7269003AAFB7 /* Release */ = {
			isa = XCBuildConfiguration;
			baseConfigurationReference = 825B2D5760DFDA21953AD3B6 /* Pods-MovieFinder.release.xcconfig */;
			buildSettings = {
				ASSETCATALOG_COMPILER_APPICON_NAME = AppIcon;
				ASSETCATALOG_COMPILER_GLOBAL_ACCENT_COLOR_NAME = AccentColor;
				CODE_SIGN_STYLE = Automatic;
				CURRENT_PROJECT_VERSION = 1;
				DEVELOPMENT_TEAM = HK42Z7UX9X;
				GENERATE_INFOPLIST_FILE = YES;
				INFOPLIST_FILE = MovieFinder/Info.plist;
				INFOPLIST_KEY_UIApplicationSupportsIndirectInputEvents = YES;
				INFOPLIST_KEY_UILaunchStoryboardName = LaunchScreen;
				INFOPLIST_KEY_UISupportedInterfaceOrientations_iPad = "UIInterfaceOrientationPortrait UIInterfaceOrientationPortraitUpsideDown UIInterfaceOrientationLandscapeLeft UIInterfaceOrientationLandscapeRight";
				INFOPLIST_KEY_UISupportedInterfaceOrientations_iPhone = "UIInterfaceOrientationPortrait UIInterfaceOrientationLandscapeLeft UIInterfaceOrientationLandscapeRight";
				IPHONEOS_DEPLOYMENT_TARGET = 15.4;
				LD_RUNPATH_SEARCH_PATHS = (
					"$(inherited)",
					"@executable_path/Frameworks",
				);
				MARKETING_VERSION = 1.0;
				PRODUCT_BUNDLE_IDENTIFIER = com.jane.MovieFinder;
				PRODUCT_NAME = "$(TARGET_NAME)";
				SWIFT_EMIT_LOC_STRINGS = YES;
				SWIFT_VERSION = 5.0;
				TARGETED_DEVICE_FAMILY = 1;
			};
			name = Release;
		};
		EA71E2FD2837D8F2003AAFB7 /* Debug */ = {
			isa = XCBuildConfiguration;
			buildSettings = {
				BUNDLE_LOADER = "$(TEST_HOST)";
				CODE_SIGN_STYLE = Automatic;
				CURRENT_PROJECT_VERSION = 1;
				DEVELOPMENT_TEAM = HK42Z7UX9X;
				GENERATE_INFOPLIST_FILE = YES;
				MARKETING_VERSION = 1.0;
				PRODUCT_BUNDLE_IDENTIFIER = com.jane.MovieFinderTests;
				PRODUCT_NAME = "$(TARGET_NAME)";
				SWIFT_EMIT_LOC_STRINGS = NO;
				SWIFT_VERSION = 5.0;
				TARGETED_DEVICE_FAMILY = "1,2";
				TEST_HOST = "$(BUILT_PRODUCTS_DIR)/MovieFinder.app/MovieFinder";
			};
			name = Debug;
		};
		EA71E2FE2837D8F2003AAFB7 /* Release */ = {
			isa = XCBuildConfiguration;
			buildSettings = {
				BUNDLE_LOADER = "$(TEST_HOST)";
				CODE_SIGN_STYLE = Automatic;
				CURRENT_PROJECT_VERSION = 1;
				DEVELOPMENT_TEAM = HK42Z7UX9X;
				GENERATE_INFOPLIST_FILE = YES;
				MARKETING_VERSION = 1.0;
				PRODUCT_BUNDLE_IDENTIFIER = com.jane.MovieFinderTests;
				PRODUCT_NAME = "$(TARGET_NAME)";
				SWIFT_EMIT_LOC_STRINGS = NO;
				SWIFT_VERSION = 5.0;
				TARGETED_DEVICE_FAMILY = "1,2";
				TEST_HOST = "$(BUILT_PRODUCTS_DIR)/MovieFinder.app/MovieFinder";
			};
			name = Release;
		};
		EA71E3102838A423003AAFB7 /* Debug */ = {
			isa = XCBuildConfiguration;
			baseConfigurationReference = F5FA0FE4A63F7933BFF9918F /* Pods-MovieFinderUnitTests.debug.xcconfig */;
			buildSettings = {
				BUNDLE_LOADER = "$(TEST_HOST)";
				CODE_SIGN_STYLE = Automatic;
				CURRENT_PROJECT_VERSION = 1;
				DEVELOPMENT_TEAM = HK42Z7UX9X;
				GENERATE_INFOPLIST_FILE = YES;
				MARKETING_VERSION = 1.0;
				PRODUCT_BUNDLE_IDENTIFIER = com.jane.MovieFinderUnitTests;
				PRODUCT_NAME = "$(TARGET_NAME)";
				SWIFT_EMIT_LOC_STRINGS = NO;
				SWIFT_VERSION = 5.0;
				TARGETED_DEVICE_FAMILY = "1,2";
				TEST_HOST = "$(BUILT_PRODUCTS_DIR)/MovieFinder.app/MovieFinder";
			};
			name = Debug;
		};
		EA71E3112838A423003AAFB7 /* Release */ = {
			isa = XCBuildConfiguration;
			baseConfigurationReference = 6971199F49E0B21535FDDFF4 /* Pods-MovieFinderUnitTests.release.xcconfig */;
			buildSettings = {
				BUNDLE_LOADER = "$(TEST_HOST)";
				CODE_SIGN_STYLE = Automatic;
				CURRENT_PROJECT_VERSION = 1;
				DEVELOPMENT_TEAM = HK42Z7UX9X;
				GENERATE_INFOPLIST_FILE = YES;
				MARKETING_VERSION = 1.0;
				PRODUCT_BUNDLE_IDENTIFIER = com.jane.MovieFinderUnitTests;
				PRODUCT_NAME = "$(TARGET_NAME)";
				SWIFT_EMIT_LOC_STRINGS = NO;
				SWIFT_VERSION = 5.0;
				TARGETED_DEVICE_FAMILY = "1,2";
				TEST_HOST = "$(BUILT_PRODUCTS_DIR)/MovieFinder.app/MovieFinder";
			};
			name = Release;
		};
/* End XCBuildConfiguration section */

/* Begin XCConfigurationList section */
		EA71E255282D7268003AAFB7 /* Build configuration list for PBXProject "MovieFinder" */ = {
			isa = XCConfigurationList;
			buildConfigurations = (
				EA71E26C282D7269003AAFB7 /* Debug */,
				EA71E26D282D7269003AAFB7 /* Release */,
			);
			defaultConfigurationIsVisible = 0;
			defaultConfigurationName = Release;
		};
		EA71E26E282D7269003AAFB7 /* Build configuration list for PBXNativeTarget "MovieFinder" */ = {
			isa = XCConfigurationList;
			buildConfigurations = (
				EA71E26F282D7269003AAFB7 /* Debug */,
				EA71E270282D7269003AAFB7 /* Release */,
			);
			defaultConfigurationIsVisible = 0;
			defaultConfigurationName = Release;
		};
		EA71E2FF2837D8F2003AAFB7 /* Build configuration list for PBXNativeTarget "MovieFinderTests" */ = {
			isa = XCConfigurationList;
			buildConfigurations = (
				EA71E2FD2837D8F2003AAFB7 /* Debug */,
				EA71E2FE2837D8F2003AAFB7 /* Release */,
			);
			defaultConfigurationIsVisible = 0;
			defaultConfigurationName = Release;
		};
		EA71E30F2838A423003AAFB7 /* Build configuration list for PBXNativeTarget "MovieFinderUnitTests" */ = {
			isa = XCConfigurationList;
			buildConfigurations = (
				EA71E3102838A423003AAFB7 /* Debug */,
				EA71E3112838A423003AAFB7 /* Release */,
			);
			defaultConfigurationIsVisible = 0;
			defaultConfigurationName = Release;
		};
/* End XCConfigurationList section */
	};
	rootObject = EA71E252282D7268003AAFB7 /* Project object */;
}
