// !$*UTF8*$!
{
	archiveVersion = 1;
	classes = {
	};
	objectVersion = 55;
	objects = {

/* Begin PBXBuildFile section */
		72C02F5AD402FC66F3E8D507 /* Pods_MovieFinder.framework in Frameworks */ = {isa = PBXBuildFile; fileRef = 36857CD6D13E6BE602091250 /* Pods_MovieFinder.framework */; };
		EA71E25E282D7268003AAFB7 /* AppDelegate.swift in Sources */ = {isa = PBXBuildFile; fileRef = EA71E25D282D7268003AAFB7 /* AppDelegate.swift */; };
		EA71E260282D7268003AAFB7 /* SceneDelegate.swift in Sources */ = {isa = PBXBuildFile; fileRef = EA71E25F282D7268003AAFB7 /* SceneDelegate.swift */; };
		EA71E262282D7268003AAFB7 /* AuthenticationViewController.swift in Sources */ = {isa = PBXBuildFile; fileRef = EA71E261282D7268003AAFB7 /* AuthenticationViewController.swift */; };
		EA71E265282D7268003AAFB7 /* Main.storyboard in Resources */ = {isa = PBXBuildFile; fileRef = EA71E263282D7268003AAFB7 /* Main.storyboard */; };
		EA71E267282D7269003AAFB7 /* Assets.xcassets in Resources */ = {isa = PBXBuildFile; fileRef = EA71E266282D7269003AAFB7 /* Assets.xcassets */; };
		EA71E26A282D7269003AAFB7 /* LaunchScreen.storyboard in Resources */ = {isa = PBXBuildFile; fileRef = EA71E268282D7269003AAFB7 /* LaunchScreen.storyboard */; };
		EA71E272282D7279003AAFB7 /* MovieURL.swift in Sources */ = {isa = PBXBuildFile; fileRef = EA71E271282D7279003AAFB7 /* MovieURL.swift */; };
		EA71E274282FBC52003AAFB7 /* URLRequest+extension.swift in Sources */ = {isa = PBXBuildFile; fileRef = EA71E273282FBC52003AAFB7 /* URLRequest+extension.swift */; };
		EA71E276282FDFFF003AAFB7 /* MovieList.swift in Sources */ = {isa = PBXBuildFile; fileRef = EA71E275282FDFFF003AAFB7 /* MovieList.swift */; };
		EA71E278282FE061003AAFB7 /* URLSessionError.swift in Sources */ = {isa = PBXBuildFile; fileRef = EA71E277282FE061003AAFB7 /* URLSessionError.swift */; };
		EA71E27C282FE2EE003AAFB7 /* JSONParser.swift in Sources */ = {isa = PBXBuildFile; fileRef = EA71E27B282FE2EE003AAFB7 /* JSONParser.swift */; };
		EA71E27E282FE367003AAFB7 /* JSONError.swift in Sources */ = {isa = PBXBuildFile; fileRef = EA71E27D282FE367003AAFB7 /* JSONError.swift */; };
		EA71E28228309B18003AAFB7 /* MovieDetail.swift in Sources */ = {isa = PBXBuildFile; fileRef = EA71E28128309B18003AAFB7 /* MovieDetail.swift */; };
		EA71E28428309CCE003AAFB7 /* URLSessionProtocol.swift in Sources */ = {isa = PBXBuildFile; fileRef = EA71E28328309CCE003AAFB7 /* URLSessionProtocol.swift */; };
		EA71E28628323652003AAFB7 /* ReviewList.swift in Sources */ = {isa = PBXBuildFile; fileRef = EA71E28528323652003AAFB7 /* ReviewList.swift */; };
		EA71E28828324B2B003AAFB7 /* APIManager.swift in Sources */ = {isa = PBXBuildFile; fileRef = EA71E28728324B2B003AAFB7 /* APIManager.swift */; };
		EA71E28A28325F67003AAFB7 /* NowPlayingMovieList.swift in Sources */ = {isa = PBXBuildFile; fileRef = EA71E28928325F67003AAFB7 /* NowPlayingMovieList.swift */; };
		EA71E28C2832633A003AAFB7 /* MovieListItem.swift in Sources */ = {isa = PBXBuildFile; fileRef = EA71E28B2832633A003AAFB7 /* MovieListItem.swift */; };
		EA71E28E283341F2003AAFB7 /* OMDBMovieDetail.swift in Sources */ = {isa = PBXBuildFile; fileRef = EA71E28D283341F2003AAFB7 /* OMDBMovieDetail.swift */; };
		EA71E2922833FD1A003AAFB7 /* VideoList.swift in Sources */ = {isa = PBXBuildFile; fileRef = EA71E2912833FD1A003AAFB7 /* VideoList.swift */; };
		EA71E2942834CF3F003AAFB7 /* Token.swift in Sources */ = {isa = PBXBuildFile; fileRef = EA71E2932834CF3F003AAFB7 /* Token.swift */; };
		EA71E2962834E7B1003AAFB7 /* Session.swift in Sources */ = {isa = PBXBuildFile; fileRef = EA71E2952834E7B1003AAFB7 /* Session.swift */; };
		EA71E2982834E8D2003AAFB7 /* RequestToken.swift in Sources */ = {isa = PBXBuildFile; fileRef = EA71E2972834E8D2003AAFB7 /* RequestToken.swift */; };
		EA71E29B283501E2003AAFB7 /* AuthenticationViewModel.swift in Sources */ = {isa = PBXBuildFile; fileRef = EA71E29A283501E2003AAFB7 /* AuthenticationViewModel.swift */; };
		EA71E29D28354192003AAFB7 /* KeychainManager.swift in Sources */ = {isa = PBXBuildFile; fileRef = EA71E29C28354192003AAFB7 /* KeychainManager.swift */; };
		EA71E29F283621BE003AAFB7 /* MovieListViewController.swift in Sources */ = {isa = PBXBuildFile; fileRef = EA71E29E283621BE003AAFB7 /* MovieListViewController.swift */; };
		EA71E2A1283645CE003AAFB7 /* MovieListViewModel.swift in Sources */ = {isa = PBXBuildFile; fileRef = EA71E2A0283645CE003AAFB7 /* MovieListViewModel.swift */; };
		EA71E2A32836465C003AAFB7 /* MovieDetailViewModel.swift in Sources */ = {isa = PBXBuildFile; fileRef = EA71E2A22836465C003AAFB7 /* MovieDetailViewModel.swift */; };
		EA71E2A5283646A0003AAFB7 /* MovieDetailViewController.swift in Sources */ = {isa = PBXBuildFile; fileRef = EA71E2A4283646A0003AAFB7 /* MovieDetailViewController.swift */; };
		EA71E2A7283646CC003AAFB7 /* SearchViewModel.swift in Sources */ = {isa = PBXBuildFile; fileRef = EA71E2A6283646CC003AAFB7 /* SearchViewModel.swift */; };
		EA71E2A9283646D7003AAFB7 /* SearchViewController.swift in Sources */ = {isa = PBXBuildFile; fileRef = EA71E2A8283646D7003AAFB7 /* SearchViewController.swift */; };
		EA71E2AB28364AEE003AAFB7 /* MyAccountViewController.swift in Sources */ = {isa = PBXBuildFile; fileRef = EA71E2AA28364AEE003AAFB7 /* MyAccountViewController.swift */; };
		EA71E2AD28364B02003AAFB7 /* MyAccountViewModel.swift in Sources */ = {isa = PBXBuildFile; fileRef = EA71E2AC28364B02003AAFB7 /* MyAccountViewModel.swift */; };
		EA71E2B328365498003AAFB7 /* AccountDetail.swift in Sources */ = {isa = PBXBuildFile; fileRef = EA71E2B228365498003AAFB7 /* AccountDetail.swift */; };
		EA71E2B62836899C003AAFB7 /* Rate.swift in Sources */ = {isa = PBXBuildFile; fileRef = EA71E2B52836899C003AAFB7 /* Rate.swift */; };
		EA71E30428388D9B003AAFB7 /* URLManager.swift in Sources */ = {isa = PBXBuildFile; fileRef = EA71E30328388D9B003AAFB7 /* URLManager.swift */; };
		EA71E30C2838A423003AAFB7 /* MovieFinderUnitTests.swift in Sources */ = {isa = PBXBuildFile; fileRef = EA71E30B2838A423003AAFB7 /* MovieFinderUnitTests.swift */; };
		EA71E3132838F265003AAFB7 /* NetworkChecker.swift in Sources */ = {isa = PBXBuildFile; fileRef = EA71E3122838F265003AAFB7 /* NetworkChecker.swift */; };
		EA71E3152839321F003AAFB7 /* MovieFinderFakeTests.swift in Sources */ = {isa = PBXBuildFile; fileRef = EA71E3142839321F003AAFB7 /* MovieFinderFakeTests.swift */; };
		EA71E31E283C8DA2003AAFB7 /* movie.json in Resources */ = {isa = PBXBuildFile; fileRef = EA71E31D283C8DA2003AAFB7 /* movie.json */; };
		EA71E32A283E3BCD003AAFB7 /* URLSessionDataTaskStub.swift in Sources */ = {isa = PBXBuildFile; fileRef = EA71E327283CA65D003AAFB7 /* URLSessionDataTaskStub.swift */; };
		EA71E32B283E3BD0003AAFB7 /* URLSessionStub.swift in Sources */ = {isa = PBXBuildFile; fileRef = EA71E319283A08A9003AAFB7 /* URLSessionStub.swift */; };
		EA71E32C283E3BDB003AAFB7 /* DataConverter.swift in Sources */ = {isa = PBXBuildFile; fileRef = EA71E31F283C9085003AAFB7 /* DataConverter.swift */; };
/* End PBXBuildFile section */

/* Begin PBXContainerItemProxy section */
		EA71E2FB2837D8F2003AAFB7 /* PBXContainerItemProxy */ = {
			isa = PBXContainerItemProxy;
			containerPortal = EA71E252282D7268003AAFB7 /* Project object */;
			proxyType = 1;
			remoteGlobalIDString = EA71E259282D7268003AAFB7;
			remoteInfo = MovieFinder;
		};
		EA71E30D2838A423003AAFB7 /* PBXContainerItemProxy */ = {
			isa = PBXContainerItemProxy;
			containerPortal = EA71E252282D7268003AAFB7 /* Project object */;
			proxyType = 1;
			remoteGlobalIDString = EA71E259282D7268003AAFB7;
			remoteInfo = MovieFinder;
		};
/* End PBXContainerItemProxy section */

/* Begin PBXFileReference section */
		36857CD6D13E6BE602091250 /* Pods_MovieFinder.framework */ = {isa = PBXFileReference; explicitFileType = wrapper.framework; includeInIndex = 0; path = Pods_MovieFinder.framework; sourceTree = BUILT_PRODUCTS_DIR; };
		825B2D5760DFDA21953AD3B6 /* Pods-MovieFinder.release.xcconfig */ = {isa = PBXFileReference; includeInIndex = 1; lastKnownFileType = text.xcconfig; name = "Pods-MovieFinder.release.xcconfig"; path = "Target Support Files/Pods-MovieFinder/Pods-MovieFinder.release.xcconfig"; sourceTree = "<group>"; };
		A1837A1850C1B3F97BE62BC9 /* Pods-MovieFinder.debug.xcconfig */ = {isa = PBXFileReference; includeInIndex = 1; lastKnownFileType = text.xcconfig; name = "Pods-MovieFinder.debug.xcconfig"; path = "Target Support Files/Pods-MovieFinder/Pods-MovieFinder.debug.xcconfig"; sourceTree = "<group>"; };
		EA71E25A282D7268003AAFB7 /* MovieFinder.app */ = {isa = PBXFileReference; explicitFileType = wrapper.application; includeInIndex = 0; path = MovieFinder.app; sourceTree = BUILT_PRODUCTS_DIR; };
		EA71E25D282D7268003AAFB7 /* AppDelegate.swift */ = {isa = PBXFileReference; lastKnownFileType = sourcecode.swift; path = AppDelegate.swift; sourceTree = "<group>"; };
		EA71E25F282D7268003AAFB7 /* SceneDelegate.swift */ = {isa = PBXFileReference; lastKnownFileType = sourcecode.swift; path = SceneDelegate.swift; sourceTree = "<group>"; };
		EA71E261282D7268003AAFB7 /* AuthenticationViewController.swift */ = {isa = PBXFileReference; lastKnownFileType = sourcecode.swift; path = AuthenticationViewController.swift; sourceTree = "<group>"; };
		EA71E264282D7268003AAFB7 /* Base */ = {isa = PBXFileReference; lastKnownFileType = file.storyboard; name = Base; path = Base.lproj/Main.storyboard; sourceTree = "<group>"; };
		EA71E266282D7269003AAFB7 /* Assets.xcassets */ = {isa = PBXFileReference; lastKnownFileType = folder.assetcatalog; path = Assets.xcassets; sourceTree = "<group>"; };
		EA71E269282D7269003AAFB7 /* Base */ = {isa = PBXFileReference; lastKnownFileType = file.storyboard; name = Base; path = Base.lproj/LaunchScreen.storyboard; sourceTree = "<group>"; };
		EA71E26B282D7269003AAFB7 /* Info.plist */ = {isa = PBXFileReference; lastKnownFileType = text.plist.xml; path = Info.plist; sourceTree = "<group>"; };
		EA71E271282D7279003AAFB7 /* MovieURL.swift */ = {isa = PBXFileReference; lastKnownFileType = sourcecode.swift; path = MovieURL.swift; sourceTree = "<group>"; };
		EA71E273282FBC52003AAFB7 /* URLRequest+extension.swift */ = {isa = PBXFileReference; lastKnownFileType = sourcecode.swift; path = "URLRequest+extension.swift"; sourceTree = "<group>"; };
		EA71E275282FDFFF003AAFB7 /* MovieList.swift */ = {isa = PBXFileReference; lastKnownFileType = sourcecode.swift; path = MovieList.swift; sourceTree = "<group>"; };
		EA71E277282FE061003AAFB7 /* URLSessionError.swift */ = {isa = PBXFileReference; lastKnownFileType = sourcecode.swift; path = URLSessionError.swift; sourceTree = "<group>"; };
		EA71E27B282FE2EE003AAFB7 /* JSONParser.swift */ = {isa = PBXFileReference; lastKnownFileType = sourcecode.swift; path = JSONParser.swift; sourceTree = "<group>"; };
		EA71E27D282FE367003AAFB7 /* JSONError.swift */ = {isa = PBXFileReference; lastKnownFileType = sourcecode.swift; path = JSONError.swift; sourceTree = "<group>"; };
		EA71E28128309B18003AAFB7 /* MovieDetail.swift */ = {isa = PBXFileReference; lastKnownFileType = sourcecode.swift; path = MovieDetail.swift; sourceTree = "<group>"; };
		EA71E28328309CCE003AAFB7 /* URLSessionProtocol.swift */ = {isa = PBXFileReference; lastKnownFileType = sourcecode.swift; path = URLSessionProtocol.swift; sourceTree = "<group>"; };
		EA71E28528323652003AAFB7 /* ReviewList.swift */ = {isa = PBXFileReference; lastKnownFileType = sourcecode.swift; path = ReviewList.swift; sourceTree = "<group>"; };
		EA71E28728324B2B003AAFB7 /* APIManager.swift */ = {isa = PBXFileReference; lastKnownFileType = sourcecode.swift; path = APIManager.swift; sourceTree = "<group>"; };
		EA71E28928325F67003AAFB7 /* NowPlayingMovieList.swift */ = {isa = PBXFileReference; lastKnownFileType = sourcecode.swift; path = NowPlayingMovieList.swift; sourceTree = "<group>"; };
		EA71E28B2832633A003AAFB7 /* MovieListItem.swift */ = {isa = PBXFileReference; lastKnownFileType = sourcecode.swift; path = MovieListItem.swift; sourceTree = "<group>"; };
		EA71E28D283341F2003AAFB7 /* OMDBMovieDetail.swift */ = {isa = PBXFileReference; lastKnownFileType = sourcecode.swift; path = OMDBMovieDetail.swift; sourceTree = "<group>"; };
		EA71E2912833FD1A003AAFB7 /* VideoList.swift */ = {isa = PBXFileReference; lastKnownFileType = sourcecode.swift; path = VideoList.swift; sourceTree = "<group>"; };
		EA71E2932834CF3F003AAFB7 /* Token.swift */ = {isa = PBXFileReference; lastKnownFileType = sourcecode.swift; path = Token.swift; sourceTree = "<group>"; };
		EA71E2952834E7B1003AAFB7 /* Session.swift */ = {isa = PBXFileReference; lastKnownFileType = sourcecode.swift; path = Session.swift; sourceTree = "<group>"; };
		EA71E2972834E8D2003AAFB7 /* RequestToken.swift */ = {isa = PBXFileReference; lastKnownFileType = sourcecode.swift; path = RequestToken.swift; sourceTree = "<group>"; };
		EA71E29A283501E2003AAFB7 /* AuthenticationViewModel.swift */ = {isa = PBXFileReference; lastKnownFileType = sourcecode.swift; path = AuthenticationViewModel.swift; sourceTree = "<group>"; };
		EA71E29C28354192003AAFB7 /* KeychainManager.swift */ = {isa = PBXFileReference; lastKnownFileType = sourcecode.swift; path = KeychainManager.swift; sourceTree = "<group>"; };
		EA71E29E283621BE003AAFB7 /* MovieListViewController.swift */ = {isa = PBXFileReference; lastKnownFileType = sourcecode.swift; path = MovieListViewController.swift; sourceTree = "<group>"; };
		EA71E2A0283645CE003AAFB7 /* MovieListViewModel.swift */ = {isa = PBXFileReference; lastKnownFileType = sourcecode.swift; path = MovieListViewModel.swift; sourceTree = "<group>"; };
		EA71E2A22836465C003AAFB7 /* MovieDetailViewModel.swift */ = {isa = PBXFileReference; lastKnownFileType = sourcecode.swift; path = MovieDetailViewModel.swift; sourceTree = "<group>"; };
		EA71E2A4283646A0003AAFB7 /* MovieDetailViewController.swift */ = {isa = PBXFileReference; lastKnownFileType = sourcecode.swift; path = MovieDetailViewController.swift; sourceTree = "<group>"; };
		EA71E2A6283646CC003AAFB7 /* SearchViewModel.swift */ = {isa = PBXFileReference; lastKnownFileType = sourcecode.swift; path = SearchViewModel.swift; sourceTree = "<group>"; };
		EA71E2A8283646D7003AAFB7 /* SearchViewController.swift */ = {isa = PBXFileReference; lastKnownFileType = sourcecode.swift; path = SearchViewController.swift; sourceTree = "<group>"; };
		EA71E2AA28364AEE003AAFB7 /* MyAccountViewController.swift */ = {isa = PBXFileReference; lastKnownFileType = sourcecode.swift; path = MyAccountViewController.swift; sourceTree = "<group>"; };
		EA71E2AC28364B02003AAFB7 /* MyAccountViewModel.swift */ = {isa = PBXFileReference; lastKnownFileType = sourcecode.swift; path = MyAccountViewModel.swift; sourceTree = "<group>"; };
		EA71E2B228365498003AAFB7 /* AccountDetail.swift */ = {isa = PBXFileReference; lastKnownFileType = sourcecode.swift; path = AccountDetail.swift; sourceTree = "<group>"; };
		EA71E2B52836899C003AAFB7 /* Rate.swift */ = {isa = PBXFileReference; lastKnownFileType = sourcecode.swift; path = Rate.swift; sourceTree = "<group>"; };
		EA71E2F72837D8F2003AAFB7 /* MovieFinderTests.xctest */ = {isa = PBXFileReference; explicitFileType = wrapper.cfbundle; includeInIndex = 0; path = MovieFinderTests.xctest; sourceTree = BUILT_PRODUCTS_DIR; };
		EA71E30328388D9B003AAFB7 /* URLManager.swift */ = {isa = PBXFileReference; lastKnownFileType = sourcecode.swift; path = URLManager.swift; sourceTree = "<group>"; };
		EA71E3092838A423003AAFB7 /* MovieFinderUnitTests.xctest */ = {isa = PBXFileReference; explicitFileType = wrapper.cfbundle; includeInIndex = 0; path = MovieFinderUnitTests.xctest; sourceTree = BUILT_PRODUCTS_DIR; };
		EA71E30B2838A423003AAFB7 /* MovieFinderUnitTests.swift */ = {isa = PBXFileReference; lastKnownFileType = sourcecode.swift; path = MovieFinderUnitTests.swift; sourceTree = "<group>"; };
		EA71E3122838F265003AAFB7 /* NetworkChecker.swift */ = {isa = PBXFileReference; lastKnownFileType = sourcecode.swift; path = NetworkChecker.swift; sourceTree = "<group>"; };
		EA71E3142839321F003AAFB7 /* MovieFinderFakeTests.swift */ = {isa = PBXFileReference; lastKnownFileType = sourcecode.swift; name = MovieFinderFakeTests.swift; path = /Users/siwonkim/Desktop/ios/project/MovieFinder/MovieFinderUnitTests/MovieFinderFakeTests.swift; sourceTree = "<absolute>"; };
		EA71E319283A08A9003AAFB7 /* URLSessionStub.swift */ = {isa = PBXFileReference; lastKnownFileType = sourcecode.swift; path = URLSessionStub.swift; sourceTree = "<group>"; };
		EA71E31D283C8DA2003AAFB7 /* movie.json */ = {isa = PBXFileReference; lastKnownFileType = text.json; path = movie.json; sourceTree = "<group>"; };
		EA71E31F283C9085003AAFB7 /* DataConverter.swift */ = {isa = PBXFileReference; lastKnownFileType = sourcecode.swift; path = DataConverter.swift; sourceTree = "<group>"; };
		EA71E327283CA65D003AAFB7 /* URLSessionDataTaskStub.swift */ = {isa = PBXFileReference; lastKnownFileType = sourcecode.swift; path = URLSessionDataTaskStub.swift; sourceTree = "<group>"; };
/* End PBXFileReference section */

/* Begin PBXFrameworksBuildPhase section */
		EA71E257282D7268003AAFB7 /* Frameworks */ = {
			isa = PBXFrameworksBuildPhase;
			buildActionMask = 2147483647;
			files = (
				72C02F5AD402FC66F3E8D507 /* Pods_MovieFinder.framework in Frameworks */,
			);
			runOnlyForDeploymentPostprocessing = 0;
		};
		EA71E2F42837D8F2003AAFB7 /* Frameworks */ = {
			isa = PBXFrameworksBuildPhase;
			buildActionMask = 2147483647;
			files = (
			);
			runOnlyForDeploymentPostprocessing = 0;
		};
		EA71E3062838A423003AAFB7 /* Frameworks */ = {
			isa = PBXFrameworksBuildPhase;
			buildActionMask = 2147483647;
			files = (
			);
			runOnlyForDeploymentPostprocessing = 0;
		};
/* End PBXFrameworksBuildPhase section */

/* Begin PBXGroup section */
		C89520ADFC3A60529F0CC70E /* Frameworks */ = {
			isa = PBXGroup;
			children = (
				36857CD6D13E6BE602091250 /* Pods_MovieFinder.framework */,
			);
			name = Frameworks;
			sourceTree = "<group>";
		};
		EA71E251282D7268003AAFB7 = {
			isa = PBXGroup;
			children = (
				EA71E25C282D7268003AAFB7 /* MovieFinder */,
				EA71E30A2838A423003AAFB7 /* MovieFinderUnitTests */,
				EA71E25B282D7268003AAFB7 /* Products */,
				FA8C30A80B3F370FDC79915D /* Pods */,
				C89520ADFC3A60529F0CC70E /* Frameworks */,
			);
			sourceTree = "<group>";
		};
		EA71E25B282D7268003AAFB7 /* Products */ = {
			isa = PBXGroup;
			children = (
				EA71E25A282D7268003AAFB7 /* MovieFinder.app */,
				EA71E2F72837D8F2003AAFB7 /* MovieFinderTests.xctest */,
				EA71E3092838A423003AAFB7 /* MovieFinderUnitTests.xctest */,
			);
			name = Products;
			sourceTree = "<group>";
		};
		EA71E25C282D7268003AAFB7 /* MovieFinder */ = {
			isa = PBXGroup;
			children = (
				EA71E25D282D7268003AAFB7 /* AppDelegate.swift */,
				EA71E25F282D7268003AAFB7 /* SceneDelegate.swift */,
				EA71E268282D7269003AAFB7 /* LaunchScreen.storyboard */,
				EA71E263282D7268003AAFB7 /* Main.storyboard */,
				EA71E26B282D7269003AAFB7 /* Info.plist */,
				EA71E266282D7269003AAFB7 /* Assets.xcassets */,
				EA71E27F282FECB0003AAFB7 /* Manager */,
				EA71E280282FECC1003AAFB7 /* Controller */,
				EA71E29928350198003AAFB7 /* View Model */,
				EA71E279282FE069003AAFB7 /* Error */,
			);
			path = MovieFinder;
			sourceTree = "<group>";
		};
		EA71E279282FE069003AAFB7 /* Error */ = {
			isa = PBXGroup;
			children = (
				EA71E277282FE061003AAFB7 /* URLSessionError.swift */,
				EA71E27D282FE367003AAFB7 /* JSONError.swift */,
			);
			path = Error;
			sourceTree = "<group>";
		};
		EA71E27A282FE074003AAFB7 /* Model */ = {
			isa = PBXGroup;
			children = (
				EA71E271282D7279003AAFB7 /* MovieURL.swift */,
				EA71E2B028364E94003AAFB7 /* Authentication */,
				EA71E2AE28364E6E003AAFB7 /* MovieList */,
				EA71E2AF28364E7A003AAFB7 /* MovieDetail */,
				EA71E2B128365469003AAFB7 /* Account */,
				EA71E2B428368955003AAFB7 /* Rate */,
			);
			path = Model;
			sourceTree = "<group>";
		};
		EA71E27F282FECB0003AAFB7 /* Manager */ = {
			isa = PBXGroup;
			children = (
				EA71E3162839FA50003AAFB7 /* Network */,
				EA71E27B282FE2EE003AAFB7 /* JSONParser.swift */,
				EA71E29C28354192003AAFB7 /* KeychainManager.swift */,
			);
			path = Manager;
			sourceTree = "<group>";
		};
		EA71E280282FECC1003AAFB7 /* Controller */ = {
			isa = PBXGroup;
			children = (
				EA71E261282D7268003AAFB7 /* AuthenticationViewController.swift */,
				EA71E29E283621BE003AAFB7 /* MovieListViewController.swift */,
				EA71E2A4283646A0003AAFB7 /* MovieDetailViewController.swift */,
				EA71E2A8283646D7003AAFB7 /* SearchViewController.swift */,
				EA71E2AA28364AEE003AAFB7 /* MyAccountViewController.swift */,
			);
			path = Controller;
			sourceTree = "<group>";
		};
		EA71E29928350198003AAFB7 /* View Model */ = {
			isa = PBXGroup;
			children = (
				EA71E29A283501E2003AAFB7 /* AuthenticationViewModel.swift */,
				EA71E2A0283645CE003AAFB7 /* MovieListViewModel.swift */,
				EA71E2A22836465C003AAFB7 /* MovieDetailViewModel.swift */,
				EA71E2A6283646CC003AAFB7 /* SearchViewModel.swift */,
				EA71E2AC28364B02003AAFB7 /* MyAccountViewModel.swift */,
			);
			path = "View Model";
			sourceTree = "<group>";
		};
		EA71E2AE28364E6E003AAFB7 /* MovieList */ = {
			isa = PBXGroup;
			children = (
				EA71E28928325F67003AAFB7 /* NowPlayingMovieList.swift */,
				EA71E275282FDFFF003AAFB7 /* MovieList.swift */,
				EA71E28B2832633A003AAFB7 /* MovieListItem.swift */,
			);
			path = MovieList;
			sourceTree = "<group>";
		};
		EA71E2AF28364E7A003AAFB7 /* MovieDetail */ = {
			isa = PBXGroup;
			children = (
				EA71E2912833FD1A003AAFB7 /* VideoList.swift */,
				EA71E28128309B18003AAFB7 /* MovieDetail.swift */,
				EA71E28D283341F2003AAFB7 /* OMDBMovieDetail.swift */,
				EA71E28528323652003AAFB7 /* ReviewList.swift */,
			);
			path = MovieDetail;
			sourceTree = "<group>";
		};
		EA71E2B028364E94003AAFB7 /* Authentication */ = {
			isa = PBXGroup;
			children = (
				EA71E2932834CF3F003AAFB7 /* Token.swift */,
				EA71E2972834E8D2003AAFB7 /* RequestToken.swift */,
				EA71E2952834E7B1003AAFB7 /* Session.swift */,
			);
			path = Authentication;
			sourceTree = "<group>";
		};
		EA71E2B128365469003AAFB7 /* Account */ = {
			isa = PBXGroup;
			children = (
				EA71E2B228365498003AAFB7 /* AccountDetail.swift */,
			);
			path = Account;
			sourceTree = "<group>";
		};
		EA71E2B428368955003AAFB7 /* Rate */ = {
			isa = PBXGroup;
			children = (
				EA71E2B52836899C003AAFB7 /* Rate.swift */,
			);
			path = Rate;
			sourceTree = "<group>";
		};
		EA71E30A2838A423003AAFB7 /* MovieFinderUnitTests */ = {
			isa = PBXGroup;
			children = (
				EA71E329283E3BB1003AAFB7 /* Test Double */,
				EA71E3142839321F003AAFB7 /* MovieFinderFakeTests.swift */,
				EA71E30B2838A423003AAFB7 /* MovieFinderUnitTests.swift */,
			);
			path = MovieFinderUnitTests;
			sourceTree = "<group>";
		};
		EA71E3162839FA50003AAFB7 /* Network */ = {
			isa = PBXGroup;
			children = (
				EA71E27A282FE074003AAFB7 /* Model */,
				EA71E3122838F265003AAFB7 /* NetworkChecker.swift */,
				EA71E30328388D9B003AAFB7 /* URLManager.swift */,
				EA71E273282FBC52003AAFB7 /* URLRequest+extension.swift */,
				EA71E28328309CCE003AAFB7 /* URLSessionProtocol.swift */,
				EA71E28728324B2B003AAFB7 /* APIManager.swift */,
			);
			path = Network;
			sourceTree = "<group>";
		};
		EA71E329283E3BB1003AAFB7 /* Test Double */ = {
			isa = PBXGroup;
			children = (
				EA71E31F283C9085003AAFB7 /* DataConverter.swift */,
				EA71E327283CA65D003AAFB7 /* URLSessionDataTaskStub.swift */,
				EA71E319283A08A9003AAFB7 /* URLSessionStub.swift */,
				EA71E31D283C8DA2003AAFB7 /* movie.json */,
			);
			path = "Test Double";
			sourceTree = "<group>";
		};
		FA8C30A80B3F370FDC79915D /* Pods */ = {
			isa = PBXGroup;
			children = (
				A1837A1850C1B3F97BE62BC9 /* Pods-MovieFinder.debug.xcconfig */,
				825B2D5760DFDA21953AD3B6 /* Pods-MovieFinder.release.xcconfig */,
			);
			path = Pods;
			sourceTree = "<group>";
		};
/* End PBXGroup section */

/* Begin PBXNativeTarget section */
		EA71E259282D7268003AAFB7 /* MovieFinder */ = {
			isa = PBXNativeTarget;
			buildConfigurationList = EA71E26E282D7269003AAFB7 /* Build configuration list for PBXNativeTarget "MovieFinder" */;
			buildPhases = (
				AD7207046F18F971D1E36069 /* [CP] Check Pods Manifest.lock */,
				EA71E256282D7268003AAFB7 /* Sources */,
				EA71E257282D7268003AAFB7 /* Frameworks */,
				EA71E258282D7268003AAFB7 /* Resources */,
				CFA190F661550558AE7CB3ED /* [CP] Embed Pods Frameworks */,
			);
			buildRules = (
			);
			dependencies = (
			);
			name = MovieFinder;
			productName = MovieFinder;
			productReference = EA71E25A282D7268003AAFB7 /* MovieFinder.app */;
			productType = "com.apple.product-type.application";
		};
		EA71E2F62837D8F2003AAFB7 /* MovieFinderTests */ = {
			isa = PBXNativeTarget;
			buildConfigurationList = EA71E2FF2837D8F2003AAFB7 /* Build configuration list for PBXNativeTarget "MovieFinderTests" */;
			buildPhases = (
				EA71E2F32837D8F2003AAFB7 /* Sources */,
				EA71E2F42837D8F2003AAFB7 /* Frameworks */,
				EA71E2F52837D8F2003AAFB7 /* Resources */,
			);
			buildRules = (
			);
			dependencies = (
				EA71E2FC2837D8F2003AAFB7 /* PBXTargetDependency */,
			);
			name = MovieFinderTests;
			productName = MovieFinderTests;
			productReference = EA71E2F72837D8F2003AAFB7 /* MovieFinderTests.xctest */;
			productType = "com.apple.product-type.bundle.unit-test";
		};
		EA71E3082838A423003AAFB7 /* MovieFinderUnitTests */ = {
			isa = PBXNativeTarget;
			buildConfigurationList = EA71E30F2838A423003AAFB7 /* Build configuration list for PBXNativeTarget "MovieFinderUnitTests" */;
			buildPhases = (
				EA71E3052838A423003AAFB7 /* Sources */,
				EA71E3062838A423003AAFB7 /* Frameworks */,
				EA71E3072838A423003AAFB7 /* Resources */,
			);
			buildRules = (
			);
			dependencies = (
				EA71E30E2838A423003AAFB7 /* PBXTargetDependency */,
			);
			name = MovieFinderUnitTests;
			productName = MovieFinderUnitTests;
			productReference = EA71E3092838A423003AAFB7 /* MovieFinderUnitTests.xctest */;
			productType = "com.apple.product-type.bundle.unit-test";
		};
/* End PBXNativeTarget section */

/* Begin PBXProject section */
		EA71E252282D7268003AAFB7 /* Project object */ = {
			isa = PBXProject;
			attributes = {
				BuildIndependentTargetsInParallel = 1;
				LastSwiftUpdateCheck = 1330;
				LastUpgradeCheck = 1330;
				TargetAttributes = {
					EA71E259282D7268003AAFB7 = {
						CreatedOnToolsVersion = 13.3.1;
					};
					EA71E2F62837D8F2003AAFB7 = {
						CreatedOnToolsVersion = 13.3.1;
						TestTargetID = EA71E259282D7268003AAFB7;
					};
					EA71E3082838A423003AAFB7 = {
						CreatedOnToolsVersion = 13.3.1;
						TestTargetID = EA71E259282D7268003AAFB7;
					};
				};
			};
			buildConfigurationList = EA71E255282D7268003AAFB7 /* Build configuration list for PBXProject "MovieFinder" */;
			compatibilityVersion = "Xcode 13.0";
			developmentRegion = en;
			hasScannedForEncodings = 0;
			knownRegions = (
				en,
				Base,
			);
			mainGroup = EA71E251282D7268003AAFB7;
			productRefGroup = EA71E25B282D7268003AAFB7 /* Products */;
			projectDirPath = "";
			projectRoot = "";
			targets = (
				EA71E259282D7268003AAFB7 /* MovieFinder */,
				EA71E2F62837D8F2003AAFB7 /* MovieFinderTests */,
				EA71E3082838A423003AAFB7 /* MovieFinderUnitTests */,
			);
		};
/* End PBXProject section */

/* Begin PBXResourcesBuildPhase section */
		EA71E258282D7268003AAFB7 /* Resources */ = {
			isa = PBXResourcesBuildPhase;
			buildActionMask = 2147483647;
			files = (
				EA71E26A282D7269003AAFB7 /* LaunchScreen.storyboard in Resources */,
				EA71E31E283C8DA2003AAFB7 /* movie.json in Resources */,
				EA71E267282D7269003AAFB7 /* Assets.xcassets in Resources */,
				EA71E265282D7268003AAFB7 /* Main.storyboard in Resources */,
			);
			runOnlyForDeploymentPostprocessing = 0;
		};
		EA71E2F52837D8F2003AAFB7 /* Resources */ = {
			isa = PBXResourcesBuildPhase;
			buildActionMask = 2147483647;
			files = (
			);
			runOnlyForDeploymentPostprocessing = 0;
		};
		EA71E3072838A423003AAFB7 /* Resources */ = {
			isa = PBXResourcesBuildPhase;
			buildActionMask = 2147483647;
			files = (
			);
			runOnlyForDeploymentPostprocessing = 0;
		};
/* End PBXResourcesBuildPhase section */

/* Begin PBXShellScriptBuildPhase section */
		AD7207046F18F971D1E36069 /* [CP] Check Pods Manifest.lock */ = {
			isa = PBXShellScriptBuildPhase;
			buildActionMask = 2147483647;
			files = (
			);
			inputFileListPaths = (
			);
			inputPaths = (
				"${PODS_PODFILE_DIR_PATH}/Podfile.lock",
				"${PODS_ROOT}/Manifest.lock",
			);
			name = "[CP] Check Pods Manifest.lock";
			outputFileListPaths = (
			);
			outputPaths = (
				"$(DERIVED_FILE_DIR)/Pods-MovieFinder-checkManifestLockResult.txt",
			);
			runOnlyForDeploymentPostprocessing = 0;
			shellPath = /bin/sh;
			shellScript = "diff \"${PODS_PODFILE_DIR_PATH}/Podfile.lock\" \"${PODS_ROOT}/Manifest.lock\" > /dev/null\nif [ $? != 0 ] ; then\n    # print error to STDERR\n    echo \"error: The sandbox is not in sync with the Podfile.lock. Run 'pod install' or update your CocoaPods installation.\" >&2\n    exit 1\nfi\n# This output is used by Xcode 'outputs' to avoid re-running this script phase.\necho \"SUCCESS\" > \"${SCRIPT_OUTPUT_FILE_0}\"\n";
			showEnvVarsInLog = 0;
		};
		CFA190F661550558AE7CB3ED /* [CP] Embed Pods Frameworks */ = {
			isa = PBXShellScriptBuildPhase;
			buildActionMask = 2147483647;
			files = (
			);
			inputFileListPaths = (
				"${PODS_ROOT}/Target Support Files/Pods-MovieFinder/Pods-MovieFinder-frameworks-${CONFIGURATION}-input-files.xcfilelist",
			);
			name = "[CP] Embed Pods Frameworks";
			outputFileListPaths = (
				"${PODS_ROOT}/Target Support Files/Pods-MovieFinder/Pods-MovieFinder-frameworks-${CONFIGURATION}-output-files.xcfilelist",
			);
			runOnlyForDeploymentPostprocessing = 0;
			shellPath = /bin/sh;
			shellScript = "\"${PODS_ROOT}/Target Support Files/Pods-MovieFinder/Pods-MovieFinder-frameworks.sh\"\n";
			showEnvVarsInLog = 0;
		};
/* End PBXShellScriptBuildPhase section */

/* Begin PBXSourcesBuildPhase section */
		EA71E256282D7268003AAFB7 /* Sources */ = {
			isa = PBXSourcesBuildPhase;
			buildActionMask = 2147483647;
			files = (
				EA71E278282FE061003AAFB7 /* URLSessionError.swift in Sources */,
				EA71E29F283621BE003AAFB7 /* MovieListViewController.swift in Sources */,
				EA71E276282FDFFF003AAFB7 /* MovieList.swift in Sources */,
				EA71E27C282FE2EE003AAFB7 /* JSONParser.swift in Sources */,
				EA71E2A5283646A0003AAFB7 /* MovieDetailViewController.swift in Sources */,
				EA71E2982834E8D2003AAFB7 /* RequestToken.swift in Sources */,
				EA71E27E282FE367003AAFB7 /* JSONError.swift in Sources */,
				EA71E262282D7268003AAFB7 /* AuthenticationViewController.swift in Sources */,
				EA71E28E283341F2003AAFB7 /* OMDBMovieDetail.swift in Sources */,
				EA71E28628323652003AAFB7 /* ReviewList.swift in Sources */,
				EA71E28428309CCE003AAFB7 /* URLSessionProtocol.swift in Sources */,
				EA71E29B283501E2003AAFB7 /* AuthenticationViewModel.swift in Sources */,
				EA71E2A1283645CE003AAFB7 /* MovieListViewModel.swift in Sources */,
				EA71E272282D7279003AAFB7 /* MovieURL.swift in Sources */,
				EA71E2942834CF3F003AAFB7 /* Token.swift in Sources */,
				EA71E30428388D9B003AAFB7 /* URLManager.swift in Sources */,
				EA71E28A28325F67003AAFB7 /* NowPlayingMovieList.swift in Sources */,
				EA71E2962834E7B1003AAFB7 /* Session.swift in Sources */,
				EA71E2B62836899C003AAFB7 /* Rate.swift in Sources */,
				EA71E32A283E3BCD003AAFB7 /* URLSessionDataTaskStub.swift in Sources */,
				EA71E25E282D7268003AAFB7 /* AppDelegate.swift in Sources */,
				EA71E2922833FD1A003AAFB7 /* VideoList.swift in Sources */,
				EA71E2AB28364AEE003AAFB7 /* MyAccountViewController.swift in Sources */,
				EA71E3132838F265003AAFB7 /* NetworkChecker.swift in Sources */,
				EA71E28228309B18003AAFB7 /* MovieDetail.swift in Sources */,
				EA71E29D28354192003AAFB7 /* KeychainManager.swift in Sources */,
				EA71E28C2832633A003AAFB7 /* MovieListItem.swift in Sources */,
				EA71E2A9283646D7003AAFB7 /* SearchViewController.swift in Sources */,
				EA71E2A32836465C003AAFB7 /* MovieDetailViewModel.swift in Sources */,
				EA71E28828324B2B003AAFB7 /* APIManager.swift in Sources */,
				EA71E2A7283646CC003AAFB7 /* SearchViewModel.swift in Sources */,
				EA71E260282D7268003AAFB7 /* SceneDelegate.swift in Sources */,
				EA71E32B283E3BD0003AAFB7 /* URLSessionStub.swift in Sources */,
				EA71E2AD28364B02003AAFB7 /* MyAccountViewModel.swift in Sources */,
				EA71E274282FBC52003AAFB7 /* URLRequest+extension.swift in Sources */,
				EA71E32C283E3BDB003AAFB7 /* DataConverter.swift in Sources */,
				EA71E2B328365498003AAFB7 /* AccountDetail.swift in Sources */,
			);
			runOnlyForDeploymentPostprocessing = 0;
		};
		EA71E2F32837D8F2003AAFB7 /* Sources */ = {
			isa = PBXSourcesBuildPhase;
			buildActionMask = 2147483647;
			files = (
			);
			runOnlyForDeploymentPostprocessing = 0;
		};
		EA71E3052838A423003AAFB7 /* Sources */ = {
			isa = PBXSourcesBuildPhase;
			buildActionMask = 2147483647;
			files = (
				EA71E30C2838A423003AAFB7 /* MovieFinderUnitTests.swift in Sources */,
				EA71E3152839321F003AAFB7 /* MovieFinderFakeTests.swift in Sources */,
			);
			runOnlyForDeploymentPostprocessing = 0;
		};
/* End PBXSourcesBuildPhase section */

/* Begin PBXTargetDependency section */
		EA71E2FC2837D8F2003AAFB7 /* PBXTargetDependency */ = {
			isa = PBXTargetDependency;
			target = EA71E259282D7268003AAFB7 /* MovieFinder */;
			targetProxy = EA71E2FB2837D8F2003AAFB7 /* PBXContainerItemProxy */;
		};
		EA71E30E2838A423003AAFB7 /* PBXTargetDependency */ = {
			isa = PBXTargetDependency;
			target = EA71E259282D7268003AAFB7 /* MovieFinder */;
			targetProxy = EA71E30D2838A423003AAFB7 /* PBXContainerItemProxy */;
		};
/* End PBXTargetDependency section */

/* Begin PBXVariantGroup section */
		EA71E263282D7268003AAFB7 /* Main.storyboard */ = {
			isa = PBXVariantGroup;
			children = (
				EA71E264282D7268003AAFB7 /* Base */,
			);
			name = Main.storyboard;
			sourceTree = "<group>";
		};
		EA71E268282D7269003AAFB7 /* LaunchScreen.storyboard */ = {
			isa = PBXVariantGroup;
			children = (
				EA71E269282D7269003AAFB7 /* Base */,
			);
			name = LaunchScreen.storyboard;
			sourceTree = "<group>";
		};
/* End PBXVariantGroup section */

/* Begin XCBuildConfiguration section */
		EA71E26C282D7269003AAFB7 /* Debug */ = {
			isa = XCBuildConfiguration;
			buildSettings = {
				ALWAYS_SEARCH_USER_PATHS = NO;
				CLANG_ANALYZER_NONNULL = YES;
				CLANG_ANALYZER_NUMBER_OBJECT_CONVERSION = YES_AGGRESSIVE;
				CLANG_CXX_LANGUAGE_STANDARD = "gnu++17";
				CLANG_ENABLE_MODULES = YES;
				CLANG_ENABLE_OBJC_ARC = YES;
				CLANG_ENABLE_OBJC_WEAK = YES;
				CLANG_WARN_BLOCK_CAPTURE_AUTORELEASING = YES;
				CLANG_WARN_BOOL_CONVERSION = YES;
				CLANG_WARN_COMMA = YES;
				CLANG_WARN_CONSTANT_CONVERSION = YES;
				CLANG_WARN_DEPRECATED_OBJC_IMPLEMENTATIONS = YES;
				CLANG_WARN_DIRECT_OBJC_ISA_USAGE = YES_ERROR;
				CLANG_WARN_DOCUMENTATION_COMMENTS = YES;
				CLANG_WARN_EMPTY_BODY = YES;
				CLANG_WARN_ENUM_CONVERSION = YES;
				CLANG_WARN_INFINITE_RECURSION = YES;
				CLANG_WARN_INT_CONVERSION = YES;
				CLANG_WARN_NON_LITERAL_NULL_CONVERSION = YES;
				CLANG_WARN_OBJC_IMPLICIT_RETAIN_SELF = YES;
				CLANG_WARN_OBJC_LITERAL_CONVERSION = YES;
				CLANG_WARN_OBJC_ROOT_CLASS = YES_ERROR;
				CLANG_WARN_QUOTED_INCLUDE_IN_FRAMEWORK_HEADER = YES;
				CLANG_WARN_RANGE_LOOP_ANALYSIS = YES;
				CLANG_WARN_STRICT_PROTOTYPES = YES;
				CLANG_WARN_SUSPICIOUS_MOVE = YES;
				CLANG_WARN_UNGUARDED_AVAILABILITY = YES_AGGRESSIVE;
				CLANG_WARN_UNREACHABLE_CODE = YES;
				CLANG_WARN__DUPLICATE_METHOD_MATCH = YES;
				COPY_PHASE_STRIP = NO;
				DEBUG_INFORMATION_FORMAT = dwarf;
				ENABLE_STRICT_OBJC_MSGSEND = YES;
				ENABLE_TESTABILITY = YES;
				GCC_C_LANGUAGE_STANDARD = gnu11;
				GCC_DYNAMIC_NO_PIC = NO;
				GCC_NO_COMMON_BLOCKS = YES;
				GCC_OPTIMIZATION_LEVEL = 0;
				GCC_PREPROCESSOR_DEFINITIONS = (
					"DEBUG=1",
					"$(inherited)",
				);
				GCC_WARN_64_TO_32_BIT_CONVERSION = YES;
				GCC_WARN_ABOUT_RETURN_TYPE = YES_ERROR;
				GCC_WARN_UNDECLARED_SELECTOR = YES;
				GCC_WARN_UNINITIALIZED_AUTOS = YES_AGGRESSIVE;
				GCC_WARN_UNUSED_FUNCTION = YES;
				GCC_WARN_UNUSED_VARIABLE = YES;
				IPHONEOS_DEPLOYMENT_TARGET = 15.4;
				MTL_ENABLE_DEBUG_INFO = INCLUDE_SOURCE;
				MTL_FAST_MATH = YES;
				ONLY_ACTIVE_ARCH = YES;
				SDKROOT = iphoneos;
				SWIFT_ACTIVE_COMPILATION_CONDITIONS = DEBUG;
				SWIFT_OPTIMIZATION_LEVEL = "-Onone";
			};
			name = Debug;
		};
		EA71E26D282D7269003AAFB7 /* Release */ = {
			isa = XCBuildConfiguration;
			buildSettings = {
				ALWAYS_SEARCH_USER_PATHS = NO;
				CLANG_ANALYZER_NONNULL = YES;
				CLANG_ANALYZER_NUMBER_OBJECT_CONVERSION = YES_AGGRESSIVE;
				CLANG_CXX_LANGUAGE_STANDARD = "gnu++17";
				CLANG_ENABLE_MODULES = YES;
				CLANG_ENABLE_OBJC_ARC = YES;
				CLANG_ENABLE_OBJC_WEAK = YES;
				CLANG_WARN_BLOCK_CAPTURE_AUTORELEASING = YES;
				CLANG_WARN_BOOL_CONVERSION = YES;
				CLANG_WARN_COMMA = YES;
				CLANG_WARN_CONSTANT_CONVERSION = YES;
				CLANG_WARN_DEPRECATED_OBJC_IMPLEMENTATIONS = YES;
				CLANG_WARN_DIRECT_OBJC_ISA_USAGE = YES_ERROR;
				CLANG_WARN_DOCUMENTATION_COMMENTS = YES;
				CLANG_WARN_EMPTY_BODY = YES;
				CLANG_WARN_ENUM_CONVERSION = YES;
				CLANG_WARN_INFINITE_RECURSION = YES;
				CLANG_WARN_INT_CONVERSION = YES;
				CLANG_WARN_NON_LITERAL_NULL_CONVERSION = YES;
				CLANG_WARN_OBJC_IMPLICIT_RETAIN_SELF = YES;
				CLANG_WARN_OBJC_LITERAL_CONVERSION = YES;
				CLANG_WARN_OBJC_ROOT_CLASS = YES_ERROR;
				CLANG_WARN_QUOTED_INCLUDE_IN_FRAMEWORK_HEADER = YES;
				CLANG_WARN_RANGE_LOOP_ANALYSIS = YES;
				CLANG_WARN_STRICT_PROTOTYPES = YES;
				CLANG_WARN_SUSPICIOUS_MOVE = YES;
				CLANG_WARN_UNGUARDED_AVAILABILITY = YES_AGGRESSIVE;
				CLANG_WARN_UNREACHABLE_CODE = YES;
				CLANG_WARN__DUPLICATE_METHOD_MATCH = YES;
				COPY_PHASE_STRIP = NO;
				DEBUG_INFORMATION_FORMAT = "dwarf-with-dsym";
				ENABLE_NS_ASSERTIONS = NO;
				ENABLE_STRICT_OBJC_MSGSEND = YES;
				GCC_C_LANGUAGE_STANDARD = gnu11;
				GCC_NO_COMMON_BLOCKS = YES;
				GCC_WARN_64_TO_32_BIT_CONVERSION = YES;
				GCC_WARN_ABOUT_RETURN_TYPE = YES_ERROR;
				GCC_WARN_UNDECLARED_SELECTOR = YES;
				GCC_WARN_UNINITIALIZED_AUTOS = YES_AGGRESSIVE;
				GCC_WARN_UNUSED_FUNCTION = YES;
				GCC_WARN_UNUSED_VARIABLE = YES;
				IPHONEOS_DEPLOYMENT_TARGET = 15.4;
				MTL_ENABLE_DEBUG_INFO = NO;
				MTL_FAST_MATH = YES;
				SDKROOT = iphoneos;
				SWIFT_COMPILATION_MODE = wholemodule;
				SWIFT_OPTIMIZATION_LEVEL = "-O";
				VALIDATE_PRODUCT = YES;
			};
			name = Release;
		};
		EA71E26F282D7269003AAFB7 /* Debug */ = {
			isa = XCBuildConfiguration;
			baseConfigurationReference = A1837A1850C1B3F97BE62BC9 /* Pods-MovieFinder.debug.xcconfig */;
			buildSettings = {
				ASSETCATALOG_COMPILER_APPICON_NAME = AppIcon;
				ASSETCATALOG_COMPILER_GLOBAL_ACCENT_COLOR_NAME = AccentColor;
				CODE_SIGN_STYLE = Automatic;
				CURRENT_PROJECT_VERSION = 1;
				DEVELOPMENT_TEAM = HK42Z7UX9X;
				GENERATE_INFOPLIST_FILE = YES;
				INFOPLIST_FILE = MovieFinder/Info.plist;
				INFOPLIST_KEY_UIApplicationSupportsIndirectInputEvents = YES;
				INFOPLIST_KEY_UILaunchStoryboardName = LaunchScreen;
				INFOPLIST_KEY_UIMainStoryboardFile = Main;
				INFOPLIST_KEY_UISupportedInterfaceOrientations_iPad = "UIInterfaceOrientationPortrait UIInterfaceOrientationPortraitUpsideDown UIInterfaceOrientationLandscapeLeft UIInterfaceOrientationLandscapeRight";
				INFOPLIST_KEY_UISupportedInterfaceOrientations_iPhone = "UIInterfaceOrientationPortrait UIInterfaceOrientationLandscapeLeft UIInterfaceOrientationLandscapeRight";
				LD_RUNPATH_SEARCH_PATHS = (
					"$(inherited)",
					"@executable_path/Frameworks",
				);
				MARKETING_VERSION = 1.0;
				PRODUCT_BUNDLE_IDENTIFIER = com.jane.MovieFinder;
				PRODUCT_NAME = "$(TARGET_NAME)";
				SWIFT_EMIT_LOC_STRINGS = YES;
				SWIFT_VERSION = 5.0;
				TARGETED_DEVICE_FAMILY = "1,2";
			};
			name = Debug;
		};
		EA71E270282D7269003AAFB7 /* Release */ = {
			isa = XCBuildConfiguration;
			baseConfigurationReference = 825B2D5760DFDA21953AD3B6 /* Pods-MovieFinder.release.xcconfig */;
			buildSettings = {
				ASSETCATALOG_COMPILER_APPICON_NAME = AppIcon;
				ASSETCATALOG_COMPILER_GLOBAL_ACCENT_COLOR_NAME = AccentColor;
				CODE_SIGN_STYLE = Automatic;
				CURRENT_PROJECT_VERSION = 1;
				DEVELOPMENT_TEAM = HK42Z7UX9X;
				GENERATE_INFOPLIST_FILE = YES;
				INFOPLIST_FILE = MovieFinder/Info.plist;
				INFOPLIST_KEY_UIApplicationSupportsIndirectInputEvents = YES;
				INFOPLIST_KEY_UILaunchStoryboardName = LaunchScreen;
				INFOPLIST_KEY_UIMainStoryboardFile = Main;
				INFOPLIST_KEY_UISupportedInterfaceOrientations_iPad = "UIInterfaceOrientationPortrait UIInterfaceOrientationPortraitUpsideDown UIInterfaceOrientationLandscapeLeft UIInterfaceOrientationLandscapeRight";
				INFOPLIST_KEY_UISupportedInterfaceOrientations_iPhone = "UIInterfaceOrientationPortrait UIInterfaceOrientationLandscapeLeft UIInterfaceOrientationLandscapeRight";
				LD_RUNPATH_SEARCH_PATHS = (
					"$(inherited)",
					"@executable_path/Frameworks",
				);
				MARKETING_VERSION = 1.0;
				PRODUCT_BUNDLE_IDENTIFIER = com.jane.MovieFinder;
				PRODUCT_NAME = "$(TARGET_NAME)";
				SWIFT_EMIT_LOC_STRINGS = YES;
				SWIFT_VERSION = 5.0;
				TARGETED_DEVICE_FAMILY = "1,2";
			};
			name = Release;
		};
		EA71E2FD2837D8F2003AAFB7 /* Debug */ = {
			isa = XCBuildConfiguration;
			buildSettings = {
				BUNDLE_LOADER = "$(TEST_HOST)";
				CODE_SIGN_STYLE = Automatic;
				CURRENT_PROJECT_VERSION = 1;
				DEVELOPMENT_TEAM = HK42Z7UX9X;
				GENERATE_INFOPLIST_FILE = YES;
				MARKETING_VERSION = 1.0;
				PRODUCT_BUNDLE_IDENTIFIER = com.jane.MovieFinderTests;
				PRODUCT_NAME = "$(TARGET_NAME)";
				SWIFT_EMIT_LOC_STRINGS = NO;
				SWIFT_VERSION = 5.0;
				TARGETED_DEVICE_FAMILY = "1,2";
				TEST_HOST = "$(BUILT_PRODUCTS_DIR)/MovieFinder.app/MovieFinder";
			};
			name = Debug;
		};
		EA71E2FE2837D8F2003AAFB7 /* Release */ = {
			isa = XCBuildConfiguration;
			buildSettings = {
				BUNDLE_LOADER = "$(TEST_HOST)";
				CODE_SIGN_STYLE = Automatic;
				CURRENT_PROJECT_VERSION = 1;
				DEVELOPMENT_TEAM = HK42Z7UX9X;
				GENERATE_INFOPLIST_FILE = YES;
				MARKETING_VERSION = 1.0;
				PRODUCT_BUNDLE_IDENTIFIER = com.jane.MovieFinderTests;
				PRODUCT_NAME = "$(TARGET_NAME)";
				SWIFT_EMIT_LOC_STRINGS = NO;
				SWIFT_VERSION = 5.0;
				TARGETED_DEVICE_FAMILY = "1,2";
				TEST_HOST = "$(BUILT_PRODUCTS_DIR)/MovieFinder.app/MovieFinder";
			};
			name = Release;
		};
		EA71E3102838A423003AAFB7 /* Debug */ = {
			isa = XCBuildConfiguration;
			buildSettings = {
				BUNDLE_LOADER = "$(TEST_HOST)";
				CODE_SIGN_STYLE = Automatic;
				CURRENT_PROJECT_VERSION = 1;
				DEVELOPMENT_TEAM = HK42Z7UX9X;
				GENERATE_INFOPLIST_FILE = YES;
				MARKETING_VERSION = 1.0;
				PRODUCT_BUNDLE_IDENTIFIER = com.jane.MovieFinderUnitTests;
				PRODUCT_NAME = "$(TARGET_NAME)";
				SWIFT_EMIT_LOC_STRINGS = NO;
				SWIFT_VERSION = 5.0;
				TARGETED_DEVICE_FAMILY = "1,2";
				TEST_HOST = "$(BUILT_PRODUCTS_DIR)/MovieFinder.app/MovieFinder";
			};
			name = Debug;
		};
		EA71E3112838A423003AAFB7 /* Release */ = {
			isa = XCBuildConfiguration;
			buildSettings = {
				BUNDLE_LOADER = "$(TEST_HOST)";
				CODE_SIGN_STYLE = Automatic;
				CURRENT_PROJECT_VERSION = 1;
				DEVELOPMENT_TEAM = HK42Z7UX9X;
				GENERATE_INFOPLIST_FILE = YES;
				MARKETING_VERSION = 1.0;
				PRODUCT_BUNDLE_IDENTIFIER = com.jane.MovieFinderUnitTests;
				PRODUCT_NAME = "$(TARGET_NAME)";
				SWIFT_EMIT_LOC_STRINGS = NO;
				SWIFT_VERSION = 5.0;
				TARGETED_DEVICE_FAMILY = "1,2";
				TEST_HOST = "$(BUILT_PRODUCTS_DIR)/MovieFinder.app/MovieFinder";
			};
			name = Release;
		};
/* End XCBuildConfiguration section */

/* Begin XCConfigurationList section */
		EA71E255282D7268003AAFB7 /* Build configuration list for PBXProject "MovieFinder" */ = {
			isa = XCConfigurationList;
			buildConfigurations = (
				EA71E26C282D7269003AAFB7 /* Debug */,
				EA71E26D282D7269003AAFB7 /* Release */,
			);
			defaultConfigurationIsVisible = 0;
			defaultConfigurationName = Release;
		};
		EA71E26E282D7269003AAFB7 /* Build configuration list for PBXNativeTarget "MovieFinder" */ = {
			isa = XCConfigurationList;
			buildConfigurations = (
				EA71E26F282D7269003AAFB7 /* Debug */,
				EA71E270282D7269003AAFB7 /* Release */,
			);
			defaultConfigurationIsVisible = 0;
			defaultConfigurationName = Release;
		};
		EA71E2FF2837D8F2003AAFB7 /* Build configuration list for PBXNativeTarget "MovieFinderTests" */ = {
			isa = XCConfigurationList;
			buildConfigurations = (
				EA71E2FD2837D8F2003AAFB7 /* Debug */,
				EA71E2FE2837D8F2003AAFB7 /* Release */,
			);
			defaultConfigurationIsVisible = 0;
			defaultConfigurationName = Release;
		};
		EA71E30F2838A423003AAFB7 /* Build configuration list for PBXNativeTarget "MovieFinderUnitTests" */ = {
			isa = XCConfigurationList;
			buildConfigurations = (
				EA71E3102838A423003AAFB7 /* Debug */,
				EA71E3112838A423003AAFB7 /* Release */,
			);
			defaultConfigurationIsVisible = 0;
			defaultConfigurationName = Release;
		};
/* End XCConfigurationList section */
	};
	rootObject = EA71E252282D7268003AAFB7 /* Project object */;
}
